PODS:
  - boost-for-react-native (1.63.0)
  - DoubleConversion (1.1.6)
  - Folly (2016.10.31.00):
    - boost-for-react-native
    - DoubleConversion
    - glog
  - glog (0.3.5)
  - Hyphenate (3.5.1)
  - MJExtension (3.0.15)
  - React/Core (0.57.0):
    - yoga (= 0.57.0.React)
  - React/CxxBridge (0.57.0):
    - Folly (= 2016.10.31.00)
    - React/Core
    - React/cxxreact
  - React/cxxreact (0.57.0):
    - boost-for-react-native (= 1.63.0)
    - Folly (= 2016.10.31.00)
    - React/jschelpers
    - React/jsinspector
  - React/DevSupport (0.57.0):
    - React/Core
    - React/RCTWebSocket
  - React/fishhook (0.57.0)
  - React/jschelpers (0.57.0):
    - Folly (= 2016.10.31.00)
    - React/PrivateDatabase
  - React/jsinspector (0.57.0)
  - React/PrivateDatabase (0.57.0)
  - React/RCTAnimation (0.57.0):
    - React/Core
  - React/RCTBlob (0.57.0):
    - React/Core
  - React/RCTNetwork (0.57.0):
    - React/Core
  - React/RCTSettings (0.57.0):
    - React/Core
  - React/RCTText (0.57.0):
    - React/Core
  - React/RCTWebSocket (0.57.0):
    - React/Core
    - React/fishhook
    - React/RCTBlob
  - yoga (0.57.0.React)

DEPENDENCIES:
  - DoubleConversion (from `../node_modules/react-native/third-party-podspecs/DoubleConversion.podspec`)
  - Folly (from `../node_modules/react-native/third-party-podspecs/Folly.podspec`)
  - glog (from `../node_modules/react-native/third-party-podspecs/glog.podspec`)
  - Hyphenate (= 3.5.1)
  - MJExtension (from `https://github.com/RNCommon/MJExtension.git`, commit `cd3de71c4955935a762a46e59d90160991f5fa92`)
  - React/Core (from `../node_modules/react-native`)
  - React/CxxBridge (from `../node_modules/react-native`)
  - React/DevSupport (from `../node_modules/react-native`)
  - React/RCTAnimation (from `../node_modules/react-native`)
  - React/RCTNetwork (from `../node_modules/react-native`)
  - React/RCTSettings (from `../node_modules/react-native`)
  - React/RCTText (from `../node_modules/react-native`)
  - React/RCTWebSocket (from `../node_modules/react-native`)
  - yoga (from `../node_modules/react-native/ReactCommon/yoga`)

SPEC REPOS:
  https://github.com/cocoapods/specs.git:
    - boost-for-react-native
    - Hyphenate

EXTERNAL SOURCES:
  DoubleConversion:
    :podspec: "../node_modules/react-native/third-party-podspecs/DoubleConversion.podspec"
  Folly:
    :podspec: "../node_modules/react-native/third-party-podspecs/Folly.podspec"
  glog:
    :podspec: "../node_modules/react-native/third-party-podspecs/glog.podspec"
  MJExtension:
    :commit: cd3de71c4955935a762a46e59d90160991f5fa92
    :git: https://github.com/RNCommon/MJExtension.git
  React:
    :path: "../node_modules/react-native"
  yoga:
    :path: "../node_modules/react-native/ReactCommon/yoga"

CHECKOUT OPTIONS:
  MJExtension:
    :commit: cd3de71c4955935a762a46e59d90160991f5fa92
    :git: https://github.com/RNCommon/MJExtension.git

SPEC CHECKSUMS:
  boost-for-react-native: 39c7adb57c4e60d6c5479dd8623128eb5b3f0f2c
  DoubleConversion: bb338842f62ab1d708ceb63ec3d999f0f3d98ecd
  Folly: c89ac2d5c6ab169cd7397ef27485c44f35f742c7
  glog: e8acf0ebbf99759d3ff18c86c292a5898282dcde
  Hyphenate: 02e3934f1bef0c25e6e5f46bd0940df740922957
  MJExtension: 3f039575db1b135a20699ad298713b26acec1528
  React: 1fe0eb13d90b625d94c3b117c274dcfd2e760e11
  yoga: b1ce48b6cf950b98deae82838f5173ea7cf89e85

PODFILE CHECKSUM: 3f635ed6f4f3cbf08b9c318563814142c46daf20

COCOAPODS: 1.5.3
