PODS:
  - Hyphenate (3.5.1)
  - MJExtension (3.0.15.1)

DEPENDENCIES:
  - Hyphenate (~> 3.5.1)
  - MJExtension

SPEC REPOS:
  https://github.com/cocoapods/specs.git:
    - Hyphenate
    - MJExtension

SPEC CHECKSUMS:
  Hyphenate: 02e3934f1bef0c25e6e5f46bd0940df740922957
  MJExtension: 19bc33ce2eee2d319760f5622562cf581a6ff756

PODFILE CHECKSUM: 8390bf4cca0523ecd2dfcc9ec3afbbc0ebc36b5a

COCOAPODS: 1.5.3
