// !$*UTF8*$!
{
	archiveVersion = 1;
	classes = {
	};
	objectVersion = 50;
	objects = {

/* Begin PBXBuildFile section */
		1FA42B4C20C7E9690081F31B /* AppDelegate.m in Sources */ = {isa = PBXBuildFile; fileRef = 1FA42B4B20C7E9690081F31B /* AppDelegate.m */; };
		1FA42B5420C7E96B0081F31B /* Assets.xcassets in Resources */ = {isa = PBXBuildFile; fileRef = 1FA42B5320C7E96B0081F31B /* Assets.xcassets */; };
		1FA42B5720C7E96B0081F31B /* LaunchScreen.storyboard in Resources */ = {isa = PBXBuildFile; fileRef = 1FA42B5520C7E96B0081F31B /* LaunchScreen.storyboard */; };
		1FA42B5A20C7E96B0081F31B /* main.m in Sources */ = {isa = PBXBuildFile; fileRef = 1FA42B5920C7E96B0081F31B /* main.m */; };
		1FA42C1920D0B3720081F31B /* MobileCoreServices.framework in Frameworks */ = {isa = PBXBuildFile; fileRef = 1FA42C1820D0B3720081F31B /* MobileCoreServices.framework */; };
		1FA42C1B20D0B37A0081F31B /* CFNetwork.framework in Frameworks */ = {isa = PBXBuildFile; fileRef = 1FA42C1A20D0B37A0081F31B /* CFNetwork.framework */; };
		1FA42C1D20D0B3820081F31B /* libsqlite3.tbd in Frameworks */ = {isa = PBXBuildFile; fileRef = 1FA42C1C20D0B3820081F31B /* libsqlite3.tbd */; };
		1FA42C1F20D0B3890081F31B /* libstdc++.6.0.9.tbd in Frameworks */ = {isa = PBXBuildFile; fileRef = 1FA42C1E20D0B3890081F31B /* libstdc++.6.0.9.tbd */; };
		1FA42C2120D0B3900081F31B /* libz.tbd in Frameworks */ = {isa = PBXBuildFile; fileRef = 1FA42C2020D0B3900081F31B /* libz.tbd */; };
		1FA42C2320D0B3960081F31B /* libiconv.tbd in Frameworks */ = {isa = PBXBuildFile; fileRef = 1FA42C2220D0B3960081F31B /* libiconv.tbd */; };
		1FA42C2520D0B3AC0081F31B /* libresolv.tbd in Frameworks */ = {isa = PBXBuildFile; fileRef = 1FA42C2420D0B3AC0081F31B /* libresolv.tbd */; };
		1FA42C2720D0B3B10081F31B /* libxml2.tbd in Frameworks */ = {isa = PBXBuildFile; fileRef = 1FA42C2620D0B3B10081F31B /* libxml2.tbd */; };
		1FA43FB920D24DFC0081F31B /* RNBridgeModuleManager.m in Sources */ = {isa = PBXBuildFile; fileRef = 1FA43FB820D24DFC0081F31B /* RNBridgeModuleManager.m */; };
		1FA43FBC20D24ED30081F31B /* RNViewManager.m in Sources */ = {isa = PBXBuildFile; fileRef = 1FA43FBB20D24ED30081F31B /* RNViewManager.m */; };
		1FA43FBF20D24F260081F31B /* RNViewController.m in Sources */ = {isa = PBXBuildFile; fileRef = 1FA43FBE20D24F260081F31B /* RNViewController.m */; };
		1FF3FB3A20DB7DBD00696962 /* libReact.a in Frameworks */ = {isa = PBXBuildFile; fileRef = 1FF3FA8720DA5A7500696962 /* libReact.a */; };
		1FF3FB3B20DB7DCB00696962 /* libRCTAnimation.a in Frameworks */ = {isa = PBXBuildFile; fileRef = 1FF3FACD20DA5B8000696962 /* libRCTAnimation.a */; };
		1FF3FB3C20DB7DCB00696962 /* libRCTNetwork.a in Frameworks */ = {isa = PBXBuildFile; fileRef = 1FF3FAC320DA5B3D00696962 /* libRCTNetwork.a */; };
		1FF3FB3D20DB7DCB00696962 /* libRCTText.a in Frameworks */ = {isa = PBXBuildFile; fileRef = 1FF3FAB920DA5AFF00696962 /* libRCTText.a */; };
		1FF3FB3E20DB7DCB00696962 /* libRCTWebSocket.a in Frameworks */ = {isa = PBXBuildFile; fileRef = 1FF3FAAA20DA5AB600696962 /* libRCTWebSocket.a */; };
		1FF3FB5520DB7E4600696962 /* ChatroomManagerModule.m in Sources */ = {isa = PBXBuildFile; fileRef = 1FF3FB4120DB7E4500696962 /* ChatroomManagerModule.m */; };
		1FF3FB5620DB7E4600696962 /* ClientModule.m in Sources */ = {isa = PBXBuildFile; fileRef = 1FF3FB4420DB7E4500696962 /* ClientModule.m */; };
		1FF3FB5720DB7E4600696962 /* MultiDevicesModule.m in Sources */ = {isa = PBXBuildFile; fileRef = 1FF3FB4720DB7E4500696962 /* MultiDevicesModule.m */; };
		1FF3FB5820DB7E4600696962 /* GroupManagerModule.m in Sources */ = {isa = PBXBuildFile; fileRef = 1FF3FB4A20DB7E4500696962 /* GroupManagerModule.m */; };
		1FF3FB5920DB7E4600696962 /* ChatManagerModule.m in Sources */ = {isa = PBXBuildFile; fileRef = 1FF3FB4B20DB7E4500696962 /* ChatManagerModule.m */; };
		1FF3FB5A20DB7E4600696962 /* ContactManagerModule.m in Sources */ = {isa = PBXBuildFile; fileRef = 1FF3FB4C20DB7E4500696962 /* ContactManagerModule.m */; };
		1FF3FB5B20DB7E4600696962 /* NSString+Util.m in Sources */ = {isa = PBXBuildFile; fileRef = 1FF3FB5020DB7E4500696962 /* NSString+Util.m */; };
		1FF3FB5C20DB7E4600696962 /* NSObject+Util.m in Sources */ = {isa = PBXBuildFile; fileRef = 1FF3FB5120DB7E4500696962 /* NSObject+Util.m */; };
		1FF3FB5D20DB7E4600696962 /* RNEaseMobModule.m in Sources */ = {isa = PBXBuildFile; fileRef = 1FF3FB5420DB7E4500696962 /* RNEaseMobModule.m */; };
		5ACDAB4BC01BE992D96F36D9 /* libPods-EaseMob-Example.a in Frameworks */ = {isa = PBXBuildFile; fileRef = 22CFFC349FC37AAB5BF11D3E /* libPods-EaseMob-Example.a */; };
/* End PBXBuildFile section */

/* Begin PBXContainerItemProxy section */
		1FF3FA8620DA5A7500696962 /* PBXContainerItemProxy */ = {
			isa = PBXContainerItemProxy;
			containerPortal = 1FF3FA7520DA5A7400696962 /* React.xcodeproj */;
			proxyType = 2;
			remoteGlobalIDString = 83CBBA2E1A601D0E00E9B192;
			remoteInfo = React;
		};
		1FF3FA8820DA5A7500696962 /* PBXContainerItemProxy */ = {
			isa = PBXContainerItemProxy;
			containerPortal = 1FF3FA7520DA5A7400696962 /* React.xcodeproj */;
			proxyType = 2;
			remoteGlobalIDString = 2D2A28131D9B038B00D4039D;
			remoteInfo = "React-tvOS";
		};
		1FF3FA8A20DA5A7500696962 /* PBXContainerItemProxy */ = {
			isa = PBXContainerItemProxy;
			containerPortal = 1FF3FA7520DA5A7400696962 /* React.xcodeproj */;
			proxyType = 2;
			remoteGlobalIDString = 3D3C059A1DE3340900C268FA;
			remoteInfo = yoga;
		};
		1FF3FA8C20DA5A7500696962 /* PBXContainerItemProxy */ = {
			isa = PBXContainerItemProxy;
			containerPortal = 1FF3FA7520DA5A7400696962 /* React.xcodeproj */;
			proxyType = 2;
			remoteGlobalIDString = 3D3C06751DE3340C00C268FA;
			remoteInfo = "yoga-tvOS";
		};
		1FF3FA8E20DA5A7500696962 /* PBXContainerItemProxy */ = {
			isa = PBXContainerItemProxy;
			containerPortal = 1FF3FA7520DA5A7400696962 /* React.xcodeproj */;
			proxyType = 2;
			remoteGlobalIDString = 3D3CD9251DE5FBEC00167DC4;
			remoteInfo = cxxreact;
		};
		1FF3FA9020DA5A7500696962 /* PBXContainerItemProxy */ = {
			isa = PBXContainerItemProxy;
			containerPortal = 1FF3FA7520DA5A7400696962 /* React.xcodeproj */;
			proxyType = 2;
			remoteGlobalIDString = 3D3CD9321DE5FBEE00167DC4;
			remoteInfo = "cxxreact-tvOS";
		};
		1FF3FA9220DA5A7500696962 /* PBXContainerItemProxy */ = {
			isa = PBXContainerItemProxy;
			containerPortal = 1FF3FA7520DA5A7400696962 /* React.xcodeproj */;
			proxyType = 2;
			remoteGlobalIDString = 3D3CD90B1DE5FBD600167DC4;
			remoteInfo = jschelpers;
		};
		1FF3FA9420DA5A7500696962 /* PBXContainerItemProxy */ = {
			isa = PBXContainerItemProxy;
			containerPortal = 1FF3FA7520DA5A7400696962 /* React.xcodeproj */;
			proxyType = 2;
			remoteGlobalIDString = 3D3CD9181DE5FBD800167DC4;
			remoteInfo = "jschelpers-tvOS";
		};
		1FF3FA9620DA5A7500696962 /* PBXContainerItemProxy */ = {
			isa = PBXContainerItemProxy;
			containerPortal = 1FF3FA7520DA5A7400696962 /* React.xcodeproj */;
			proxyType = 2;
			remoteGlobalIDString = 139D7ECE1E25DB7D00323FB7;
			remoteInfo = "third-party";
		};
		1FF3FA9820DA5A7500696962 /* PBXContainerItemProxy */ = {
			isa = PBXContainerItemProxy;
			containerPortal = 1FF3FA7520DA5A7400696962 /* React.xcodeproj */;
			proxyType = 2;
			remoteGlobalIDString = 3D383D3C1EBD27B6005632C8;
			remoteInfo = "third-party-tvOS";
		};
		1FF3FA9A20DA5A7500696962 /* PBXContainerItemProxy */ = {
			isa = PBXContainerItemProxy;
			containerPortal = 1FF3FA7520DA5A7400696962 /* React.xcodeproj */;
			proxyType = 2;
			remoteGlobalIDString = 139D7E881E25C6D100323FB7;
			remoteInfo = "double-conversion";
		};
		1FF3FA9C20DA5A7500696962 /* PBXContainerItemProxy */ = {
			isa = PBXContainerItemProxy;
			containerPortal = 1FF3FA7520DA5A7400696962 /* React.xcodeproj */;
			proxyType = 2;
			remoteGlobalIDString = 3D383D621EBD27B9005632C8;
			remoteInfo = "double-conversion-tvOS";
		};
		1FF3FA9E20DA5A7500696962 /* PBXContainerItemProxy */ = {
			isa = PBXContainerItemProxy;
			containerPortal = 1FF3FA7520DA5A7400696962 /* React.xcodeproj */;
			proxyType = 2;
			remoteGlobalIDString = 9936F3131F5F2E4B0010BF04;
			remoteInfo = privatedata;
		};
		1FF3FAA020DA5A7500696962 /* PBXContainerItemProxy */ = {
			isa = PBXContainerItemProxy;
			containerPortal = 1FF3FA7520DA5A7400696962 /* React.xcodeproj */;
			proxyType = 2;
			remoteGlobalIDString = 9936F32F1F5F2E5B0010BF04;
			remoteInfo = "privatedata-tvOS";
		};
		1FF3FAA920DA5AB600696962 /* PBXContainerItemProxy */ = {
			isa = PBXContainerItemProxy;
			containerPortal = 1FF3FAA220DA5AB600696962 /* RCTWebSocket.xcodeproj */;
			proxyType = 2;
			remoteGlobalIDString = 3C86DF461ADF2C930047B81A;
			remoteInfo = RCTWebSocket;
		};
		1FF3FAAB20DA5AB600696962 /* PBXContainerItemProxy */ = {
			isa = PBXContainerItemProxy;
			containerPortal = 1FF3FAA220DA5AB600696962 /* RCTWebSocket.xcodeproj */;
			proxyType = 2;
			remoteGlobalIDString = 2D2A28881D9B049200D4039D;
			remoteInfo = "RCTWebSocket-tvOS";
		};
		1FF3FAAD20DA5AB600696962 /* PBXContainerItemProxy */ = {
			isa = PBXContainerItemProxy;
			containerPortal = 1FF3FAA220DA5AB600696962 /* RCTWebSocket.xcodeproj */;
			proxyType = 2;
			remoteGlobalIDString = 3DBE0D001F3B181A0099AA32;
			remoteInfo = fishhook;
		};
		1FF3FAAF20DA5AB600696962 /* PBXContainerItemProxy */ = {
			isa = PBXContainerItemProxy;
			containerPortal = 1FF3FAA220DA5AB600696962 /* RCTWebSocket.xcodeproj */;
			proxyType = 2;
			remoteGlobalIDString = 3DBE0D0D1F3B181C0099AA32;
			remoteInfo = "fishhook-tvOS";
		};
		1FF3FAB820DA5AFF00696962 /* PBXContainerItemProxy */ = {
			isa = PBXContainerItemProxy;
			containerPortal = 1FF3FAB320DA5AFF00696962 /* RCTText.xcodeproj */;
			proxyType = 2;
			remoteGlobalIDString = 58B5119B1A9E6C1200147676;
			remoteInfo = RCTText;
		};
		1FF3FABA20DA5AFF00696962 /* PBXContainerItemProxy */ = {
			isa = PBXContainerItemProxy;
			containerPortal = 1FF3FAB320DA5AFF00696962 /* RCTText.xcodeproj */;
			proxyType = 2;
			remoteGlobalIDString = 2D2A287B1D9B048500D4039D;
			remoteInfo = "RCTText-tvOS";
		};
		1FF3FAC220DA5B3D00696962 /* PBXContainerItemProxy */ = {
			isa = PBXContainerItemProxy;
			containerPortal = 1FF3FABD20DA5B3D00696962 /* RCTNetwork.xcodeproj */;
			proxyType = 2;
			remoteGlobalIDString = 58B511DB1A9E6C8500147676;
			remoteInfo = RCTNetwork;
		};
		1FF3FAC420DA5B3D00696962 /* PBXContainerItemProxy */ = {
			isa = PBXContainerItemProxy;
			containerPortal = 1FF3FABD20DA5B3D00696962 /* RCTNetwork.xcodeproj */;
			proxyType = 2;
			remoteGlobalIDString = 2D2A28541D9B044C00D4039D;
			remoteInfo = "RCTNetwork-tvOS";
		};
		1FF3FACC20DA5B8000696962 /* PBXContainerItemProxy */ = {
			isa = PBXContainerItemProxy;
			containerPortal = 1FF3FAC720DA5B8000696962 /* RCTAnimation.xcodeproj */;
			proxyType = 2;
			remoteGlobalIDString = 134814201AA4EA6300B7C361;
			remoteInfo = RCTAnimation;
		};
		1FF3FACE20DA5B8000696962 /* PBXContainerItemProxy */ = {
			isa = PBXContainerItemProxy;
			containerPortal = 1FF3FAC720DA5B8000696962 /* RCTAnimation.xcodeproj */;
			proxyType = 2;
			remoteGlobalIDString = 2D2A28201D9B03D100D4039D;
			remoteInfo = "RCTAnimation-tvOS";
		};
/* End PBXContainerItemProxy section */

/* Begin PBXCopyFilesBuildPhase section */
		1F5DA71D20D25897001B053C /* Embed Frameworks */ = {
			isa = PBXCopyFilesBuildPhase;
			buildActionMask = 2147483647;
			dstPath = "";
			dstSubfolderSpec = 10;
			files = (
			);
			name = "Embed Frameworks";
			runOnlyForDeploymentPostprocessing = 0;
		};
/* End PBXCopyFilesBuildPhase section */

/* Begin PBXFileReference section */
		1F8EF8ED20DA3F1A003AA131 /* libReact.a */ = {isa = PBXFileReference; explicitFileType = archive.ar; path = libReact.a; sourceTree = BUILT_PRODUCTS_DIR; };
		1F8EF8EF20DA3F1F003AA131 /* libyoga.a */ = {isa = PBXFileReference; explicitFileType = archive.ar; path = libyoga.a; sourceTree = BUILT_PRODUCTS_DIR; };
		1FA42B4720C7E9690081F31B /* EaseMob-Example.app */ = {isa = PBXFileReference; explicitFileType = wrapper.application; includeInIndex = 0; path = "EaseMob-Example.app"; sourceTree = BUILT_PRODUCTS_DIR; };
		1FA42B4A20C7E9690081F31B /* AppDelegate.h */ = {isa = PBXFileReference; lastKnownFileType = sourcecode.c.h; path = AppDelegate.h; sourceTree = "<group>"; };
		1FA42B4B20C7E9690081F31B /* AppDelegate.m */ = {isa = PBXFileReference; lastKnownFileType = sourcecode.c.objc; path = AppDelegate.m; sourceTree = "<group>"; };
		1FA42B5320C7E96B0081F31B /* Assets.xcassets */ = {isa = PBXFileReference; lastKnownFileType = folder.assetcatalog; path = Assets.xcassets; sourceTree = "<group>"; };
		1FA42B5620C7E96B0081F31B /* Base */ = {isa = PBXFileReference; lastKnownFileType = file.storyboard; name = Base; path = Base.lproj/LaunchScreen.storyboard; sourceTree = "<group>"; };
		1FA42B5820C7E96B0081F31B /* Info.plist */ = {isa = PBXFileReference; lastKnownFileType = text.plist.xml; path = Info.plist; sourceTree = "<group>"; };
		1FA42B5920C7E96B0081F31B /* main.m */ = {isa = PBXFileReference; lastKnownFileType = sourcecode.c.objc; path = main.m; sourceTree = "<group>"; };
		1FA42C1820D0B3720081F31B /* MobileCoreServices.framework */ = {isa = PBXFileReference; lastKnownFileType = wrapper.framework; name = MobileCoreServices.framework; path = System/Library/Frameworks/MobileCoreServices.framework; sourceTree = SDKROOT; };
		1FA42C1A20D0B37A0081F31B /* CFNetwork.framework */ = {isa = PBXFileReference; lastKnownFileType = wrapper.framework; name = CFNetwork.framework; path = System/Library/Frameworks/CFNetwork.framework; sourceTree = SDKROOT; };
		1FA42C1C20D0B3820081F31B /* libsqlite3.tbd */ = {isa = PBXFileReference; lastKnownFileType = "sourcecode.text-based-dylib-definition"; name = libsqlite3.tbd; path = usr/lib/libsqlite3.tbd; sourceTree = SDKROOT; };
		1FA42C1E20D0B3890081F31B /* libstdc++.6.0.9.tbd */ = {isa = PBXFileReference; lastKnownFileType = "sourcecode.text-based-dylib-definition"; name = "libstdc++.6.0.9.tbd"; path = "usr/lib/libstdc++.6.0.9.tbd"; sourceTree = SDKROOT; };
		1FA42C2020D0B3900081F31B /* libz.tbd */ = {isa = PBXFileReference; lastKnownFileType = "sourcecode.text-based-dylib-definition"; name = libz.tbd; path = usr/lib/libz.tbd; sourceTree = SDKROOT; };
		1FA42C2220D0B3960081F31B /* libiconv.tbd */ = {isa = PBXFileReference; lastKnownFileType = "sourcecode.text-based-dylib-definition"; name = libiconv.tbd; path = usr/lib/libiconv.tbd; sourceTree = SDKROOT; };
		1FA42C2420D0B3AC0081F31B /* libresolv.tbd */ = {isa = PBXFileReference; lastKnownFileType = "sourcecode.text-based-dylib-definition"; name = libresolv.tbd; path = usr/lib/libresolv.tbd; sourceTree = SDKROOT; };
		1FA42C2620D0B3B10081F31B /* libxml2.tbd */ = {isa = PBXFileReference; lastKnownFileType = "sourcecode.text-based-dylib-definition"; name = libxml2.tbd; path = usr/lib/libxml2.tbd; sourceTree = SDKROOT; };
		1FA43FB720D24DFC0081F31B /* RNBridgeModuleManager.h */ = {isa = PBXFileReference; lastKnownFileType = sourcecode.c.h; path = RNBridgeModuleManager.h; sourceTree = "<group>"; };
		1FA43FB820D24DFC0081F31B /* RNBridgeModuleManager.m */ = {isa = PBXFileReference; lastKnownFileType = sourcecode.c.objc; path = RNBridgeModuleManager.m; sourceTree = "<group>"; };
		1FA43FBA20D24ED30081F31B /* RNViewManager.h */ = {isa = PBXFileReference; lastKnownFileType = sourcecode.c.h; path = RNViewManager.h; sourceTree = "<group>"; };
		1FA43FBB20D24ED30081F31B /* RNViewManager.m */ = {isa = PBXFileReference; lastKnownFileType = sourcecode.c.objc; path = RNViewManager.m; sourceTree = "<group>"; };
		1FA43FBD20D24F260081F31B /* RNViewController.h */ = {isa = PBXFileReference; lastKnownFileType = sourcecode.c.h; path = RNViewController.h; sourceTree = "<group>"; };
		1FA43FBE20D24F260081F31B /* RNViewController.m */ = {isa = PBXFileReference; lastKnownFileType = sourcecode.c.objc; path = RNViewController.m; sourceTree = "<group>"; };
		1FF3FA7520DA5A7400696962 /* React.xcodeproj */ = {isa = PBXFileReference; lastKnownFileType = "wrapper.pb-project"; name = React.xcodeproj; path = "../node_modules/react-native/React/React.xcodeproj"; sourceTree = "<group>"; };
		1FF3FAA220DA5AB600696962 /* RCTWebSocket.xcodeproj */ = {isa = PBXFileReference; lastKnownFileType = "wrapper.pb-project"; name = RCTWebSocket.xcodeproj; path = "../node_modules/react-native/Libraries/WebSocket/RCTWebSocket.xcodeproj"; sourceTree = "<group>"; };
		1FF3FAB320DA5AFF00696962 /* RCTText.xcodeproj */ = {isa = PBXFileReference; lastKnownFileType = "wrapper.pb-project"; name = RCTText.xcodeproj; path = "../node_modules/react-native/Libraries/Text/RCTText.xcodeproj"; sourceTree = "<group>"; };
		1FF3FABD20DA5B3D00696962 /* RCTNetwork.xcodeproj */ = {isa = PBXFileReference; lastKnownFileType = "wrapper.pb-project"; name = RCTNetwork.xcodeproj; path = "../node_modules/react-native/Libraries/Network/RCTNetwork.xcodeproj"; sourceTree = "<group>"; };
		1FF3FAC720DA5B8000696962 /* RCTAnimation.xcodeproj */ = {isa = PBXFileReference; lastKnownFileType = "wrapper.pb-project"; name = RCTAnimation.xcodeproj; path = "../node_modules/react-native/Libraries/NativeAnimation/RCTAnimation.xcodeproj"; sourceTree = "<group>"; };
		1FF3FB4120DB7E4500696962 /* ChatroomManagerModule.m */ = {isa = PBXFileReference; fileEncoding = 4; lastKnownFileType = sourcecode.c.objc; path = ChatroomManagerModule.m; sourceTree = "<group>"; };
		1FF3FB4220DB7E4500696962 /* MultiDevicesModule.h */ = {isa = PBXFileReference; fileEncoding = 4; lastKnownFileType = sourcecode.c.h; path = MultiDevicesModule.h; sourceTree = "<group>"; };
		1FF3FB4320DB7E4500696962 /* GroupManagerModule.h */ = {isa = PBXFileReference; fileEncoding = 4; lastKnownFileType = sourcecode.c.h; path = GroupManagerModule.h; sourceTree = "<group>"; };
		1FF3FB4420DB7E4500696962 /* ClientModule.m */ = {isa = PBXFileReference; fileEncoding = 4; lastKnownFileType = sourcecode.c.objc; path = ClientModule.m; sourceTree = "<group>"; };
		1FF3FB4520DB7E4500696962 /* ContactManagerModule.h */ = {isa = PBXFileReference; fileEncoding = 4; lastKnownFileType = sourcecode.c.h; path = ContactManagerModule.h; sourceTree = "<group>"; };
		1FF3FB4620DB7E4500696962 /* ChatManagerModule.h */ = {isa = PBXFileReference; fileEncoding = 4; lastKnownFileType = sourcecode.c.h; path = ChatManagerModule.h; sourceTree = "<group>"; };
		1FF3FB4720DB7E4500696962 /* MultiDevicesModule.m */ = {isa = PBXFileReference; fileEncoding = 4; lastKnownFileType = sourcecode.c.objc; path = MultiDevicesModule.m; sourceTree = "<group>"; };
		1FF3FB4820DB7E4500696962 /* ChatroomManagerModule.h */ = {isa = PBXFileReference; fileEncoding = 4; lastKnownFileType = sourcecode.c.h; path = ChatroomManagerModule.h; sourceTree = "<group>"; };
		1FF3FB4920DB7E4500696962 /* ClientModule.h */ = {isa = PBXFileReference; fileEncoding = 4; lastKnownFileType = sourcecode.c.h; path = ClientModule.h; sourceTree = "<group>"; };
		1FF3FB4A20DB7E4500696962 /* GroupManagerModule.m */ = {isa = PBXFileReference; fileEncoding = 4; lastKnownFileType = sourcecode.c.objc; path = GroupManagerModule.m; sourceTree = "<group>"; };
		1FF3FB4B20DB7E4500696962 /* ChatManagerModule.m */ = {isa = PBXFileReference; fileEncoding = 4; lastKnownFileType = sourcecode.c.objc; path = ChatManagerModule.m; sourceTree = "<group>"; };
		1FF3FB4C20DB7E4500696962 /* ContactManagerModule.m */ = {isa = PBXFileReference; fileEncoding = 4; lastKnownFileType = sourcecode.c.objc; path = ContactManagerModule.m; sourceTree = "<group>"; };
		1FF3FB4D20DB7E4500696962 /* RNEaseMobModule.h */ = {isa = PBXFileReference; fileEncoding = 4; lastKnownFileType = sourcecode.c.h; path = RNEaseMobModule.h; sourceTree = "<group>"; };
		1FF3FB4F20DB7E4500696962 /* Singleton.h */ = {isa = PBXFileReference; fileEncoding = 4; lastKnownFileType = sourcecode.c.h; path = Singleton.h; sourceTree = "<group>"; };
		1FF3FB5020DB7E4500696962 /* NSString+Util.m */ = {isa = PBXFileReference; fileEncoding = 4; lastKnownFileType = sourcecode.c.objc; path = "NSString+Util.m"; sourceTree = "<group>"; };
		1FF3FB5120DB7E4500696962 /* NSObject+Util.m */ = {isa = PBXFileReference; fileEncoding = 4; lastKnownFileType = sourcecode.c.objc; path = "NSObject+Util.m"; sourceTree = "<group>"; };
		1FF3FB5220DB7E4500696962 /* NSString+Util.h */ = {isa = PBXFileReference; fileEncoding = 4; lastKnownFileType = sourcecode.c.h; path = "NSString+Util.h"; sourceTree = "<group>"; };
		1FF3FB5320DB7E4500696962 /* NSObject+Util.h */ = {isa = PBXFileReference; fileEncoding = 4; lastKnownFileType = sourcecode.c.h; path = "NSObject+Util.h"; sourceTree = "<group>"; };
		1FF3FB5420DB7E4500696962 /* RNEaseMobModule.m */ = {isa = PBXFileReference; fileEncoding = 4; lastKnownFileType = sourcecode.c.objc; path = RNEaseMobModule.m; sourceTree = "<group>"; };
		22CFFC349FC37AAB5BF11D3E /* libPods-EaseMob-Example.a */ = {isa = PBXFileReference; explicitFileType = archive.ar; includeInIndex = 0; path = "libPods-EaseMob-Example.a"; sourceTree = BUILT_PRODUCTS_DIR; };
		3A610261D8B52C3A672BB879 /* Pods-EaseMob-Example.debug.xcconfig */ = {isa = PBXFileReference; includeInIndex = 1; lastKnownFileType = text.xcconfig; name = "Pods-EaseMob-Example.debug.xcconfig"; path = "Pods/Target Support Files/Pods-EaseMob-Example/Pods-EaseMob-Example.debug.xcconfig"; sourceTree = "<group>"; };
		5465088E6CEAEE1B285D53C7 /* Pods-EaseMob-Example.release.xcconfig */ = {isa = PBXFileReference; includeInIndex = 1; lastKnownFileType = text.xcconfig; name = "Pods-EaseMob-Example.release.xcconfig"; path = "Pods/Target Support Files/Pods-EaseMob-Example/Pods-EaseMob-Example.release.xcconfig"; sourceTree = "<group>"; };
/* End PBXFileReference section */

/* Begin PBXFrameworksBuildPhase section */
		1FA42B4420C7E9690081F31B /* Frameworks */ = {
			isa = PBXFrameworksBuildPhase;
			buildActionMask = 2147483647;
			files = (
				1FF3FB3B20DB7DCB00696962 /* libRCTAnimation.a in Frameworks */,
				1FF3FB3C20DB7DCB00696962 /* libRCTNetwork.a in Frameworks */,
				1FF3FB3D20DB7DCB00696962 /* libRCTText.a in Frameworks */,
				1FF3FB3E20DB7DCB00696962 /* libRCTWebSocket.a in Frameworks */,
				1FF3FB3A20DB7DBD00696962 /* libReact.a in Frameworks */,
				1FA42C2720D0B3B10081F31B /* libxml2.tbd in Frameworks */,
				1FA42C2520D0B3AC0081F31B /* libresolv.tbd in Frameworks */,
				1FA42C2320D0B3960081F31B /* libiconv.tbd in Frameworks */,
				1FA42C2120D0B3900081F31B /* libz.tbd in Frameworks */,
				1FA42C1F20D0B3890081F31B /* libstdc++.6.0.9.tbd in Frameworks */,
				1FA42C1D20D0B3820081F31B /* libsqlite3.tbd in Frameworks */,
				1FA42C1B20D0B37A0081F31B /* CFNetwork.framework in Frameworks */,
				1FA42C1920D0B3720081F31B /* MobileCoreServices.framework in Frameworks */,
				5ACDAB4BC01BE992D96F36D9 /* libPods-EaseMob-Example.a in Frameworks */,
			);
			runOnlyForDeploymentPostprocessing = 0;
		};
/* End PBXFrameworksBuildPhase section */

/* Begin PBXGroup section */
		1FA42B3E20C7E9690081F31B = {
			isa = PBXGroup;
			children = (
				1FA42B4920C7E9690081F31B /* EaseMob-Example */,
				1FA42B4820C7E9690081F31B /* Products */,
				1FF3FB3920DB7D6E00696962 /* Library */,
				1FA42C1620D0B3380081F31B /* Frameworks */,
				620FA5B137D3326B23682456 /* Pods */,
			);
			sourceTree = "<group>";
		};
		1FA42B4820C7E9690081F31B /* Products */ = {
			isa = PBXGroup;
			children = (
				1FA42B4720C7E9690081F31B /* EaseMob-Example.app */,
			);
			name = Products;
			sourceTree = "<group>";
		};
		1FA42B4920C7E9690081F31B /* EaseMob-Example */ = {
			isa = PBXGroup;
			children = (
				1FF3FB3F20DB7E4500696962 /* ios */,
				1FA43FB620D24DE90081F31B /* ReactNative */,
				1FA42B4A20C7E9690081F31B /* AppDelegate.h */,
				1FA42B4B20C7E9690081F31B /* AppDelegate.m */,
				1FA42B5320C7E96B0081F31B /* Assets.xcassets */,
				1FA42B5520C7E96B0081F31B /* LaunchScreen.storyboard */,
				1FA42B5820C7E96B0081F31B /* Info.plist */,
				1FA42B5920C7E96B0081F31B /* main.m */,
			);
			path = "EaseMob-Example";
			sourceTree = "<group>";
		};
		1FA42C1620D0B3380081F31B /* Frameworks */ = {
			isa = PBXGroup;
			children = (
				1F8EF8EF20DA3F1F003AA131 /* libyoga.a */,
				1F8EF8ED20DA3F1A003AA131 /* libReact.a */,
				1FA42C2620D0B3B10081F31B /* libxml2.tbd */,
				1FA42C2420D0B3AC0081F31B /* libresolv.tbd */,
				1FA42C2220D0B3960081F31B /* libiconv.tbd */,
				1FA42C2020D0B3900081F31B /* libz.tbd */,
				1FA42C1E20D0B3890081F31B /* libstdc++.6.0.9.tbd */,
				1FA42C1C20D0B3820081F31B /* libsqlite3.tbd */,
				1FA42C1A20D0B37A0081F31B /* CFNetwork.framework */,
				1FA42C1820D0B3720081F31B /* MobileCoreServices.framework */,
				22CFFC349FC37AAB5BF11D3E /* libPods-EaseMob-Example.a */,
			);
			name = Frameworks;
			sourceTree = "<group>";
		};
		1FA43FB620D24DE90081F31B /* ReactNative */ = {
			isa = PBXGroup;
			children = (
				1FA43FB720D24DFC0081F31B /* RNBridgeModuleManager.h */,
				1FA43FB820D24DFC0081F31B /* RNBridgeModuleManager.m */,
				1FA43FBA20D24ED30081F31B /* RNViewManager.h */,
				1FA43FBB20D24ED30081F31B /* RNViewManager.m */,
				1FA43FBD20D24F260081F31B /* RNViewController.h */,
				1FA43FBE20D24F260081F31B /* RNViewController.m */,
			);
			path = ReactNative;
			sourceTree = "<group>";
		};
		1FF3FA7620DA5A7400696962 /* Products */ = {
			isa = PBXGroup;
			children = (
				1FF3FA8720DA5A7500696962 /* libReact.a */,
				1FF3FA8920DA5A7500696962 /* libReact.a */,
				1FF3FA8B20DA5A7500696962 /* libyoga.a */,
				1FF3FA8D20DA5A7500696962 /* libyoga.a */,
				1FF3FA8F20DA5A7500696962 /* libcxxreact.a */,
				1FF3FA9120DA5A7500696962 /* libcxxreact.a */,
				1FF3FA9320DA5A7500696962 /* libjschelpers.a */,
				1FF3FA9520DA5A7500696962 /* libjschelpers.a */,
				1FF3FA9720DA5A7500696962 /* libthird-party.a */,
				1FF3FA9920DA5A7500696962 /* libthird-party.a */,
				1FF3FA9B20DA5A7500696962 /* libdouble-conversion.a */,
				1FF3FA9D20DA5A7500696962 /* libdouble-conversion.a */,
				1FF3FA9F20DA5A7500696962 /* libprivatedata.a */,
				1FF3FAA120DA5A7500696962 /* libprivatedata-tvOS.a */,
			);
			name = Products;
			sourceTree = "<group>";
		};
		1FF3FAA320DA5AB600696962 /* Products */ = {
			isa = PBXGroup;
			children = (
				1FF3FAAA20DA5AB600696962 /* libRCTWebSocket.a */,
				1FF3FAAC20DA5AB600696962 /* libRCTWebSocket-tvOS.a */,
				1FF3FAAE20DA5AB600696962 /* libfishhook.a */,
				1FF3FAB020DA5AB600696962 /* libfishhook-tvOS.a */,
			);
			name = Products;
			sourceTree = "<group>";
		};
		1FF3FAB420DA5AFF00696962 /* Products */ = {
			isa = PBXGroup;
			children = (
				1FF3FAB920DA5AFF00696962 /* libRCTText.a */,
				1FF3FABB20DA5AFF00696962 /* libRCTText-tvOS.a */,
			);
			name = Products;
			sourceTree = "<group>";
		};
		1FF3FABE20DA5B3D00696962 /* Products */ = {
			isa = PBXGroup;
			children = (
				1FF3FAC320DA5B3D00696962 /* libRCTNetwork.a */,
				1FF3FAC520DA5B3D00696962 /* libRCTNetwork-tvOS.a */,
			);
			name = Products;
			sourceTree = "<group>";
		};
		1FF3FAC820DA5B8000696962 /* Products */ = {
			isa = PBXGroup;
			children = (
				1FF3FACD20DA5B8000696962 /* libRCTAnimation.a */,
				1FF3FACF20DA5B8000696962 /* libRCTAnimation.a */,
			);
			name = Products;
			sourceTree = "<group>";
		};
		1FF3FB3920DB7D6E00696962 /* Library */ = {
			isa = PBXGroup;
			children = (
				1FF3FAC720DA5B8000696962 /* RCTAnimation.xcodeproj */,
				1FF3FABD20DA5B3D00696962 /* RCTNetwork.xcodeproj */,
				1FF3FAB320DA5AFF00696962 /* RCTText.xcodeproj */,
				1FF3FAA220DA5AB600696962 /* RCTWebSocket.xcodeproj */,
				1FF3FA7520DA5A7400696962 /* React.xcodeproj */,
			);
			name = Library;
			sourceTree = "<group>";
		};
		1FF3FB3F20DB7E4500696962 /* ios */ = {
			isa = PBXGroup;
			children = (
				1FF3FB4020DB7E4500696962 /* easemob */,
				1FF3FB4E20DB7E4500696962 /* util */,
				1FF3FB4D20DB7E4500696962 /* RNEaseMobModule.h */,
				1FF3FB5420DB7E4500696962 /* RNEaseMobModule.m */,
			);
			name = ios;
			path = ../../../ios;
			sourceTree = "<group>";
		};
		1FF3FB4020DB7E4500696962 /* easemob */ = {
			isa = PBXGroup;
			children = (
				1FF3FB4820DB7E4500696962 /* ChatroomManagerModule.h */,
				1FF3FB4120DB7E4500696962 /* ChatroomManagerModule.m */,
				1FF3FB4620DB7E4500696962 /* ChatManagerModule.h */,
				1FF3FB4B20DB7E4500696962 /* ChatManagerModule.m */,
				1FF3FB4920DB7E4500696962 /* ClientModule.h */,
				1FF3FB4420DB7E4500696962 /* ClientModule.m */,
				1FF3FB4520DB7E4500696962 /* ContactManagerModule.h */,
				1FF3FB4C20DB7E4500696962 /* ContactManagerModule.m */,
				1FF3FB4320DB7E4500696962 /* GroupManagerModule.h */,
				1FF3FB4A20DB7E4500696962 /* GroupManagerModule.m */,
				1FF3FB4220DB7E4500696962 /* MultiDevicesModule.h */,
				1FF3FB4720DB7E4500696962 /* MultiDevicesModule.m */,
			);
			path = easemob;
			sourceTree = "<group>";
		};
		1FF3FB4E20DB7E4500696962 /* util */ = {
			isa = PBXGroup;
			children = (
				1FF3FB4F20DB7E4500696962 /* Singleton.h */,
				1FF3FB5020DB7E4500696962 /* NSString+Util.m */,
				1FF3FB5120DB7E4500696962 /* NSObject+Util.m */,
				1FF3FB5220DB7E4500696962 /* NSString+Util.h */,
				1FF3FB5320DB7E4500696962 /* NSObject+Util.h */,
			);
			path = util;
			sourceTree = "<group>";
		};
		620FA5B137D3326B23682456 /* Pods */ = {
			isa = PBXGroup;
			children = (
				3A610261D8B52C3A672BB879 /* Pods-EaseMob-Example.debug.xcconfig */,
				5465088E6CEAEE1B285D53C7 /* Pods-EaseMob-Example.release.xcconfig */,
			);
			name = Pods;
			sourceTree = "<group>";
		};
/* End PBXGroup section */

/* Begin PBXNativeTarget section */
		1FA42B4620C7E9690081F31B /* EaseMob-Example */ = {
			isa = PBXNativeTarget;
			buildConfigurationList = 1FA42B5D20C7E96B0081F31B /* Build configuration list for PBXNativeTarget "EaseMob-Example" */;
			buildPhases = (
				D027D92D7F73DA85DBD49B16 /* [CP] Check Pods Manifest.lock */,
				1FA42B4320C7E9690081F31B /* Sources */,
				1FA42B4420C7E9690081F31B /* Frameworks */,
				1FA42B4520C7E9690081F31B /* Resources */,
				1F5DA71D20D25897001B053C /* Embed Frameworks */,
				F546C7CB48E22162AD9F746B /* [CP] Embed Pods Frameworks */,
			);
			buildRules = (
			);
			dependencies = (
			);
			name = "EaseMob-Example";
			productName = "EaseMob-Example";
			productReference = 1FA42B4720C7E9690081F31B /* EaseMob-Example.app */;
			productType = "com.apple.product-type.application";
		};
/* End PBXNativeTarget section */

/* Begin PBXProject section */
		1FA42B3F20C7E9690081F31B /* Project object */ = {
			isa = PBXProject;
			attributes = {
				LastUpgradeCheck = 0940;
				ORGANIZATIONNAME = Hecom;
				TargetAttributes = {
					1FA42B4620C7E9690081F31B = {
						CreatedOnToolsVersion = 9.4;
					};
				};
			};
			buildConfigurationList = 1FA42B4220C7E9690081F31B /* Build configuration list for PBXProject "EaseMob-Example" */;
			compatibilityVersion = "Xcode 9.3";
			developmentRegion = en;
			hasScannedForEncodings = 0;
			knownRegions = (
				en,
				Base,
			);
			mainGroup = 1FA42B3E20C7E9690081F31B;
			productRefGroup = 1FA42B4820C7E9690081F31B /* Products */;
			projectDirPath = "";
			projectReferences = (
				{
					ProductGroup = 1FF3FAC820DA5B8000696962 /* Products */;
					ProjectRef = 1FF3FAC720DA5B8000696962 /* RCTAnimation.xcodeproj */;
				},
				{
					ProductGroup = 1FF3FABE20DA5B3D00696962 /* Products */;
					ProjectRef = 1FF3FABD20DA5B3D00696962 /* RCTNetwork.xcodeproj */;
				},
				{
					ProductGroup = 1FF3FAB420DA5AFF00696962 /* Products */;
					ProjectRef = 1FF3FAB320DA5AFF00696962 /* RCTText.xcodeproj */;
				},
				{
					ProductGroup = 1FF3FAA320DA5AB600696962 /* Products */;
					ProjectRef = 1FF3FAA220DA5AB600696962 /* RCTWebSocket.xcodeproj */;
				},
				{
					ProductGroup = 1FF3FA7620DA5A7400696962 /* Products */;
					ProjectRef = 1FF3FA7520DA5A7400696962 /* React.xcodeproj */;
				},
			);
			projectRoot = "";
			targets = (
				1FA42B4620C7E9690081F31B /* EaseMob-Example */,
			);
		};
/* End PBXProject section */

/* Begin PBXReferenceProxy section */
		1FF3FA8720DA5A7500696962 /* libReact.a */ = {
			isa = PBXReferenceProxy;
			fileType = archive.ar;
			path = libReact.a;
			remoteRef = 1FF3FA8620DA5A7500696962 /* PBXContainerItemProxy */;
			sourceTree = BUILT_PRODUCTS_DIR;
		};
		1FF3FA8920DA5A7500696962 /* libReact.a */ = {
			isa = PBXReferenceProxy;
			fileType = archive.ar;
			path = libReact.a;
			remoteRef = 1FF3FA8820DA5A7500696962 /* PBXContainerItemProxy */;
			sourceTree = BUILT_PRODUCTS_DIR;
		};
		1FF3FA8B20DA5A7500696962 /* libyoga.a */ = {
			isa = PBXReferenceProxy;
			fileType = archive.ar;
			path = libyoga.a;
			remoteRef = 1FF3FA8A20DA5A7500696962 /* PBXContainerItemProxy */;
			sourceTree = BUILT_PRODUCTS_DIR;
		};
		1FF3FA8D20DA5A7500696962 /* libyoga.a */ = {
			isa = PBXReferenceProxy;
			fileType = archive.ar;
			path = libyoga.a;
			remoteRef = 1FF3FA8C20DA5A7500696962 /* PBXContainerItemProxy */;
			sourceTree = BUILT_PRODUCTS_DIR;
		};
		1FF3FA8F20DA5A7500696962 /* libcxxreact.a */ = {
			isa = PBXReferenceProxy;
			fileType = archive.ar;
			path = libcxxreact.a;
			remoteRef = 1FF3FA8E20DA5A7500696962 /* PBXContainerItemProxy */;
			sourceTree = BUILT_PRODUCTS_DIR;
		};
		1FF3FA9120DA5A7500696962 /* libcxxreact.a */ = {
			isa = PBXReferenceProxy;
			fileType = archive.ar;
			path = libcxxreact.a;
			remoteRef = 1FF3FA9020DA5A7500696962 /* PBXContainerItemProxy */;
			sourceTree = BUILT_PRODUCTS_DIR;
		};
		1FF3FA9320DA5A7500696962 /* libjschelpers.a */ = {
			isa = PBXReferenceProxy;
			fileType = archive.ar;
			path = libjschelpers.a;
			remoteRef = 1FF3FA9220DA5A7500696962 /* PBXContainerItemProxy */;
			sourceTree = BUILT_PRODUCTS_DIR;
		};
		1FF3FA9520DA5A7500696962 /* libjschelpers.a */ = {
			isa = PBXReferenceProxy;
			fileType = archive.ar;
			path = libjschelpers.a;
			remoteRef = 1FF3FA9420DA5A7500696962 /* PBXContainerItemProxy */;
			sourceTree = BUILT_PRODUCTS_DIR;
		};
		1FF3FA9720DA5A7500696962 /* libthird-party.a */ = {
			isa = PBXReferenceProxy;
			fileType = archive.ar;
			path = "libthird-party.a";
			remoteRef = 1FF3FA9620DA5A7500696962 /* PBXContainerItemProxy */;
			sourceTree = BUILT_PRODUCTS_DIR;
		};
		1FF3FA9920DA5A7500696962 /* libthird-party.a */ = {
			isa = PBXReferenceProxy;
			fileType = archive.ar;
			path = "libthird-party.a";
			remoteRef = 1FF3FA9820DA5A7500696962 /* PBXContainerItemProxy */;
			sourceTree = BUILT_PRODUCTS_DIR;
		};
		1FF3FA9B20DA5A7500696962 /* libdouble-conversion.a */ = {
			isa = PBXReferenceProxy;
			fileType = archive.ar;
			path = "libdouble-conversion.a";
			remoteRef = 1FF3FA9A20DA5A7500696962 /* PBXContainerItemProxy */;
			sourceTree = BUILT_PRODUCTS_DIR;
		};
		1FF3FA9D20DA5A7500696962 /* libdouble-conversion.a */ = {
			isa = PBXReferenceProxy;
			fileType = archive.ar;
			path = "libdouble-conversion.a";
			remoteRef = 1FF3FA9C20DA5A7500696962 /* PBXContainerItemProxy */;
			sourceTree = BUILT_PRODUCTS_DIR;
		};
		1FF3FA9F20DA5A7500696962 /* libprivatedata.a */ = {
			isa = PBXReferenceProxy;
			fileType = archive.ar;
			path = libprivatedata.a;
			remoteRef = 1FF3FA9E20DA5A7500696962 /* PBXContainerItemProxy */;
			sourceTree = BUILT_PRODUCTS_DIR;
		};
		1FF3FAA120DA5A7500696962 /* libprivatedata-tvOS.a */ = {
			isa = PBXReferenceProxy;
			fileType = archive.ar;
			path = "libprivatedata-tvOS.a";
			remoteRef = 1FF3FAA020DA5A7500696962 /* PBXContainerItemProxy */;
			sourceTree = BUILT_PRODUCTS_DIR;
		};
		1FF3FAAA20DA5AB600696962 /* libRCTWebSocket.a */ = {
			isa = PBXReferenceProxy;
			fileType = archive.ar;
			path = libRCTWebSocket.a;
			remoteRef = 1FF3FAA920DA5AB600696962 /* PBXContainerItemProxy */;
			sourceTree = BUILT_PRODUCTS_DIR;
		};
		1FF3FAAC20DA5AB600696962 /* libRCTWebSocket-tvOS.a */ = {
			isa = PBXReferenceProxy;
			fileType = archive.ar;
			path = "libRCTWebSocket-tvOS.a";
			remoteRef = 1FF3FAAB20DA5AB600696962 /* PBXContainerItemProxy */;
			sourceTree = BUILT_PRODUCTS_DIR;
		};
		1FF3FAAE20DA5AB600696962 /* libfishhook.a */ = {
			isa = PBXReferenceProxy;
			fileType = archive.ar;
			path = libfishhook.a;
			remoteRef = 1FF3FAAD20DA5AB600696962 /* PBXContainerItemProxy */;
			sourceTree = BUILT_PRODUCTS_DIR;
		};
		1FF3FAB020DA5AB600696962 /* libfishhook-tvOS.a */ = {
			isa = PBXReferenceProxy;
			fileType = archive.ar;
			path = "libfishhook-tvOS.a";
			remoteRef = 1FF3FAAF20DA5AB600696962 /* PBXContainerItemProxy */;
			sourceTree = BUILT_PRODUCTS_DIR;
		};
		1FF3FAB920DA5AFF00696962 /* libRCTText.a */ = {
			isa = PBXReferenceProxy;
			fileType = archive.ar;
			path = libRCTText.a;
			remoteRef = 1FF3FAB820DA5AFF00696962 /* PBXContainerItemProxy */;
			sourceTree = BUILT_PRODUCTS_DIR;
		};
		1FF3FABB20DA5AFF00696962 /* libRCTText-tvOS.a */ = {
			isa = PBXReferenceProxy;
			fileType = archive.ar;
			path = "libRCTText-tvOS.a";
			remoteRef = 1FF3FABA20DA5AFF00696962 /* PBXContainerItemProxy */;
			sourceTree = BUILT_PRODUCTS_DIR;
		};
		1FF3FAC320DA5B3D00696962 /* libRCTNetwork.a */ = {
			isa = PBXReferenceProxy;
			fileType = archive.ar;
			path = libRCTNetwork.a;
			remoteRef = 1FF3FAC220DA5B3D00696962 /* PBXContainerItemProxy */;
			sourceTree = BUILT_PRODUCTS_DIR;
		};
		1FF3FAC520DA5B3D00696962 /* libRCTNetwork-tvOS.a */ = {
			isa = PBXReferenceProxy;
			fileType = archive.ar;
			path = "libRCTNetwork-tvOS.a";
			remoteRef = 1FF3FAC420DA5B3D00696962 /* PBXContainerItemProxy */;
			sourceTree = BUILT_PRODUCTS_DIR;
		};
		1FF3FACD20DA5B8000696962 /* libRCTAnimation.a */ = {
			isa = PBXReferenceProxy;
			fileType = archive.ar;
			path = libRCTAnimation.a;
			remoteRef = 1FF3FACC20DA5B8000696962 /* PBXContainerItemProxy */;
			sourceTree = BUILT_PRODUCTS_DIR;
		};
		1FF3FACF20DA5B8000696962 /* libRCTAnimation.a */ = {
			isa = PBXReferenceProxy;
			fileType = archive.ar;
			path = libRCTAnimation.a;
			remoteRef = 1FF3FACE20DA5B8000696962 /* PBXContainerItemProxy */;
			sourceTree = BUILT_PRODUCTS_DIR;
		};
/* End PBXReferenceProxy section */

/* Begin PBXResourcesBuildPhase section */
		1FA42B4520C7E9690081F31B /* Resources */ = {
			isa = PBXResourcesBuildPhase;
			buildActionMask = 2147483647;
			files = (
				1FA42B5720C7E96B0081F31B /* LaunchScreen.storyboard in Resources */,
				1FA42B5420C7E96B0081F31B /* Assets.xcassets in Resources */,
			);
			runOnlyForDeploymentPostprocessing = 0;
		};
/* End PBXResourcesBuildPhase section */

/* Begin PBXShellScriptBuildPhase section */
		D027D92D7F73DA85DBD49B16 /* [CP] Check Pods Manifest.lock */ = {
			isa = PBXShellScriptBuildPhase;
			buildActionMask = 2147483647;
			files = (
			);
			inputPaths = (
				"${PODS_PODFILE_DIR_PATH}/Podfile.lock",
				"${PODS_ROOT}/Manifest.lock",
			);
			name = "[CP] Check Pods Manifest.lock";
			outputPaths = (
				"$(DERIVED_FILE_DIR)/Pods-EaseMob-Example-checkManifestLockResult.txt",
			);
			runOnlyForDeploymentPostprocessing = 0;
			shellPath = /bin/sh;
			shellScript = "diff \"${PODS_PODFILE_DIR_PATH}/Podfile.lock\" \"${PODS_ROOT}/Manifest.lock\" > /dev/null\nif [ $? != 0 ] ; then\n    # print error to STDERR\n    echo \"error: The sandbox is not in sync with the Podfile.lock. Run 'pod install' or update your CocoaPods installation.\" >&2\n    exit 1\nfi\n# This output is used by Xcode 'outputs' to avoid re-running this script phase.\necho \"SUCCESS\" > \"${SCRIPT_OUTPUT_FILE_0}\"\n";
			showEnvVarsInLog = 0;
		};
		F546C7CB48E22162AD9F746B /* [CP] Embed Pods Frameworks */ = {
			isa = PBXShellScriptBuildPhase;
			buildActionMask = 2147483647;
			files = (
			);
			inputPaths = (
				"${SRCROOT}/Pods/Target Support Files/Pods-EaseMob-Example/Pods-EaseMob-Example-frameworks.sh",
				"${PODS_ROOT}/Hyphenate/iOS_Pods_IMFullSDK_V3.4.2/Hyphenate.framework",
			);
			name = "[CP] Embed Pods Frameworks";
			outputPaths = (
				"${TARGET_BUILD_DIR}/${FRAMEWORKS_FOLDER_PATH}/Hyphenate.framework",
			);
			runOnlyForDeploymentPostprocessing = 0;
			shellPath = /bin/sh;
			shellScript = "\"${SRCROOT}/Pods/Target Support Files/Pods-EaseMob-Example/Pods-EaseMob-Example-frameworks.sh\"\n";
			showEnvVarsInLog = 0;
		};
/* End PBXShellScriptBuildPhase section */

/* Begin PBXSourcesBuildPhase section */
		1FA42B4320C7E9690081F31B /* Sources */ = {
			isa = PBXSourcesBuildPhase;
			buildActionMask = 2147483647;
			files = (
				1FF3FB5D20DB7E4600696962 /* RNEaseMobModule.m in Sources */,
				1FA43FBC20D24ED30081F31B /* RNViewManager.m in Sources */,
				1FA43FB920D24DFC0081F31B /* RNBridgeModuleManager.m in Sources */,
				1FF3FB5A20DB7E4600696962 /* ContactManagerModule.m in Sources */,
				1FA43FBF20D24F260081F31B /* RNViewController.m in Sources */,
				1FF3FB5720DB7E4600696962 /* MultiDevicesModule.m in Sources */,
				1FA42B5A20C7E96B0081F31B /* main.m in Sources */,
				1FF3FB5520DB7E4600696962 /* ChatroomManagerModule.m in Sources */,
				1FF3FB5B20DB7E4600696962 /* NSString+Util.m in Sources */,
				1FF3FB5620DB7E4600696962 /* ClientModule.m in Sources */,
				1FF3FB5C20DB7E4600696962 /* NSObject+Util.m in Sources */,
				1FF3FB5920DB7E4600696962 /* ChatManagerModule.m in Sources */,
				1FF3FB5820DB7E4600696962 /* GroupManagerModule.m in Sources */,
				1FA42B4C20C7E9690081F31B /* AppDelegate.m in Sources */,
			);
			runOnlyForDeploymentPostprocessing = 0;
		};
/* End PBXSourcesBuildPhase section */

/* Begin PBXVariantGroup section */
		1FA42B5520C7E96B0081F31B /* LaunchScreen.storyboard */ = {
			isa = PBXVariantGroup;
			children = (
				1FA42B5620C7E96B0081F31B /* Base */,
			);
			name = LaunchScreen.storyboard;
			sourceTree = "<group>";
		};
/* End PBXVariantGroup section */

/* Begin XCBuildConfiguration section */
		1FA42B5B20C7E96B0081F31B /* Debug */ = {
			isa = XCBuildConfiguration;
			buildSettings = {
				ALWAYS_SEARCH_USER_PATHS = NO;
				CLANG_ANALYZER_NONNULL = YES;
				CLANG_ANALYZER_NUMBER_OBJECT_CONVERSION = YES_AGGRESSIVE;
				CLANG_CXX_LANGUAGE_STANDARD = "gnu++14";
				CLANG_CXX_LIBRARY = "libc++";
				CLANG_ENABLE_MODULES = YES;
				CLANG_ENABLE_OBJC_ARC = YES;
				CLANG_ENABLE_OBJC_WEAK = YES;
				CLANG_WARN_BLOCK_CAPTURE_AUTORELEASING = YES;
				CLANG_WARN_BOOL_CONVERSION = YES;
				CLANG_WARN_COMMA = YES;
				CLANG_WARN_CONSTANT_CONVERSION = YES;
				CLANG_WARN_DEPRECATED_OBJC_IMPLEMENTATIONS = YES;
				CLANG_WARN_DIRECT_OBJC_ISA_USAGE = YES_ERROR;
				CLANG_WARN_DOCUMENTATION_COMMENTS = YES;
				CLANG_WARN_EMPTY_BODY = YES;
				CLANG_WARN_ENUM_CONVERSION = YES;
				CLANG_WARN_INFINITE_RECURSION = YES;
				CLANG_WARN_INT_CONVERSION = YES;
				CLANG_WARN_NON_LITERAL_NULL_CONVERSION = YES;
				CLANG_WARN_OBJC_IMPLICIT_RETAIN_SELF = YES;
				CLANG_WARN_OBJC_LITERAL_CONVERSION = YES;
				CLANG_WARN_OBJC_ROOT_CLASS = YES_ERROR;
				CLANG_WARN_RANGE_LOOP_ANALYSIS = YES;
				CLANG_WARN_STRICT_PROTOTYPES = YES;
				CLANG_WARN_SUSPICIOUS_MOVE = YES;
				CLANG_WARN_UNGUARDED_AVAILABILITY = YES_AGGRESSIVE;
				CLANG_WARN_UNREACHABLE_CODE = YES;
				CLANG_WARN__DUPLICATE_METHOD_MATCH = YES;
				CODE_SIGN_IDENTITY = "iPhone Developer";
				COPY_PHASE_STRIP = NO;
				DEBUG_INFORMATION_FORMAT = dwarf;
				ENABLE_STRICT_OBJC_MSGSEND = YES;
				ENABLE_TESTABILITY = YES;
				GCC_C_LANGUAGE_STANDARD = gnu11;
				GCC_DYNAMIC_NO_PIC = NO;
				GCC_NO_COMMON_BLOCKS = YES;
				GCC_OPTIMIZATION_LEVEL = 0;
				GCC_PREPROCESSOR_DEFINITIONS = (
					"DEBUG=1",
					"$(inherited)",
				);
				GCC_WARN_64_TO_32_BIT_CONVERSION = YES;
				GCC_WARN_ABOUT_RETURN_TYPE = YES_ERROR;
				GCC_WARN_UNDECLARED_SELECTOR = YES;
				GCC_WARN_UNINITIALIZED_AUTOS = YES_AGGRESSIVE;
				GCC_WARN_UNUSED_FUNCTION = YES;
				GCC_WARN_UNUSED_VARIABLE = YES;
				IPHONEOS_DEPLOYMENT_TARGET = 11.4;
				MTL_ENABLE_DEBUG_INFO = YES;
				ONLY_ACTIVE_ARCH = YES;
				SDKROOT = iphoneos;
			};
			name = Debug;
		};
		1FA42B5C20C7E96B0081F31B /* Release */ = {
			isa = XCBuildConfiguration;
			buildSettings = {
				ALWAYS_SEARCH_USER_PATHS = NO;
				CLANG_ANALYZER_NONNULL = YES;
				CLANG_ANALYZER_NUMBER_OBJECT_CONVERSION = YES_AGGRESSIVE;
				CLANG_CXX_LANGUAGE_STANDARD = "gnu++14";
				CLANG_CXX_LIBRARY = "libc++";
				CLANG_ENABLE_MODULES = YES;
				CLANG_ENABLE_OBJC_ARC = YES;
				CLANG_ENABLE_OBJC_WEAK = YES;
				CLANG_WARN_BLOCK_CAPTURE_AUTORELEASING = YES;
				CLANG_WARN_BOOL_CONVERSION = YES;
				CLANG_WARN_COMMA = YES;
				CLANG_WARN_CONSTANT_CONVERSION = YES;
				CLANG_WARN_DEPRECATED_OBJC_IMPLEMENTATIONS = YES;
				CLANG_WARN_DIRECT_OBJC_ISA_USAGE = YES_ERROR;
				CLANG_WARN_DOCUMENTATION_COMMENTS = YES;
				CLANG_WARN_EMPTY_BODY = YES;
				CLANG_WARN_ENUM_CONVERSION = YES;
				CLANG_WARN_INFINITE_RECURSION = YES;
				CLANG_WARN_INT_CONVERSION = YES;
				CLANG_WARN_NON_LITERAL_NULL_CONVERSION = YES;
				CLANG_WARN_OBJC_IMPLICIT_RETAIN_SELF = YES;
				CLANG_WARN_OBJC_LITERAL_CONVERSION = YES;
				CLANG_WARN_OBJC_ROOT_CLASS = YES_ERROR;
				CLANG_WARN_RANGE_LOOP_ANALYSIS = YES;
				CLANG_WARN_STRICT_PROTOTYPES = YES;
				CLANG_WARN_SUSPICIOUS_MOVE = YES;
				CLANG_WARN_UNGUARDED_AVAILABILITY = YES_AGGRESSIVE;
				CLANG_WARN_UNREACHABLE_CODE = YES;
				CLANG_WARN__DUPLICATE_METHOD_MATCH = YES;
				CODE_SIGN_IDENTITY = "iPhone Developer";
				COPY_PHASE_STRIP = NO;
				DEBUG_INFORMATION_FORMAT = "dwarf-with-dsym";
				ENABLE_NS_ASSERTIONS = NO;
				ENABLE_STRICT_OBJC_MSGSEND = YES;
				GCC_C_LANGUAGE_STANDARD = gnu11;
				GCC_NO_COMMON_BLOCKS = YES;
				GCC_WARN_64_TO_32_BIT_CONVERSION = YES;
				GCC_WARN_ABOUT_RETURN_TYPE = YES_ERROR;
				GCC_WARN_UNDECLARED_SELECTOR = YES;
				GCC_WARN_UNINITIALIZED_AUTOS = YES_AGGRESSIVE;
				GCC_WARN_UNUSED_FUNCTION = YES;
				GCC_WARN_UNUSED_VARIABLE = YES;
				IPHONEOS_DEPLOYMENT_TARGET = 11.4;
				MTL_ENABLE_DEBUG_INFO = NO;
				SDKROOT = iphoneos;
				VALIDATE_PRODUCT = YES;
			};
			name = Release;
		};
		1FA42B5E20C7E96B0081F31B /* Debug */ = {
			isa = XCBuildConfiguration;
			baseConfigurationReference = 3A610261D8B52C3A672BB879 /* Pods-EaseMob-Example.debug.xcconfig */;
			buildSettings = {
				ASSETCATALOG_COMPILER_APPICON_NAME = AppIcon;
				CODE_SIGN_STYLE = Automatic;
				FRAMEWORK_SEARCH_PATHS = (
					"$(inherited)",
					"$(PROJECT_DIR)/EaseMob-Example/HyphenateFullSDK-3.4.1",
				);
				INFOPLIST_FILE = "EaseMob-Example/Info.plist";
				LD_RUNPATH_SEARCH_PATHS = (
					"$(inherited)",
					"@executable_path/Frameworks",
				);
				OTHER_LDFLAGS = (
					"-ObjC",
					"-lc++",
				);
				PRODUCT_BUNDLE_IDENTIFIER = "com.hecom.EaseMob-Example";
				PRODUCT_NAME = "$(TARGET_NAME)";
				TARGETED_DEVICE_FAMILY = "1,2";
			};
			name = Debug;
		};
		1FA42B5F20C7E96B0081F31B /* Release */ = {
			isa = XCBuildConfiguration;
			baseConfigurationReference = 5465088E6CEAEE1B285D53C7 /* Pods-EaseMob-Example.release.xcconfig */;
			buildSettings = {
				ASSETCATALOG_COMPILER_APPICON_NAME = AppIcon;
				CODE_SIGN_STYLE = Automatic;
				FRAMEWORK_SEARCH_PATHS = (
					"$(inherited)",
					"$(PROJECT_DIR)/EaseMob-Example/HyphenateFullSDK-3.4.1",
				);
				INFOPLIST_FILE = "EaseMob-Example/Info.plist";
				LD_RUNPATH_SEARCH_PATHS = (
					"$(inherited)",
					"@executable_path/Frameworks",
				);
				OTHER_LDFLAGS = (
					"-ObjC",
					"-lc++",
				);
				PRODUCT_BUNDLE_IDENTIFIER = "com.hecom.EaseMob-Example";
				PRODUCT_NAME = "$(TARGET_NAME)";
				TARGETED_DEVICE_FAMILY = "1,2";
			};
			name = Release;
		};
/* End XCBuildConfiguration section */

/* Begin XCConfigurationList section */
		1FA42B4220C7E9690081F31B /* Build configuration list for PBXProject "EaseMob-Example" */ = {
			isa = XCConfigurationList;
			buildConfigurations = (
				1FA42B5B20C7E96B0081F31B /* Debug */,
				1FA42B5C20C7E96B0081F31B /* Release */,
			);
			defaultConfigurationIsVisible = 0;
			defaultConfigurationName = Release;
		};
		1FA42B5D20C7E96B0081F31B /* Build configuration list for PBXNativeTarget "EaseMob-Example" */ = {
			isa = XCConfigurationList;
			buildConfigurations = (
				1FA42B5E20C7E96B0081F31B /* Debug */,
				1FA42B5F20C7E96B0081F31B /* Release */,
			);
			defaultConfigurationIsVisible = 0;
			defaultConfigurationName = Release;
		};
/* End XCConfigurationList section */
	};
	rootObject = 1FA42B3F20C7E9690081F31B /* Project object */;
}
