// !$*UTF8*$!
{
	archiveVersion = 1;
	classes = {
	};
	objectVersion = 50;
	objects = {

/* Begin PBXBuildFile section */
		1FA42B4C20C7E9690081F31B /* AppDelegate.m in Sources */ = {isa = PBXBuildFile; fileRef = 1FA42B4B20C7E9690081F31B /* AppDelegate.m */; };
		1FA42B4F20C7E9690081F31B /* ViewController.m in Sources */ = {isa = PBXBuildFile; fileRef = 1FA42B4E20C7E9690081F31B /* ViewController.m */; };
		1FA42B5220C7E9690081F31B /* Main.storyboard in Resources */ = {isa = PBXBuildFile; fileRef = 1FA42B5020C7E9690081F31B /* Main.storyboard */; };
		1FA42B5420C7E96B0081F31B /* Assets.xcassets in Resources */ = {isa = PBXBuildFile; fileRef = 1FA42B5320C7E96B0081F31B /* Assets.xcassets */; };
		1FA42B5720C7E96B0081F31B /* LaunchScreen.storyboard in Resources */ = {isa = PBXBuildFile; fileRef = 1FA42B5520C7E96B0081F31B /* LaunchScreen.storyboard */; };
		1FA42B5A20C7E96B0081F31B /* main.m in Sources */ = {isa = PBXBuildFile; fileRef = 1FA42B5920C7E96B0081F31B /* main.m */; };
		1FA42C1720D0B3380081F31B /* libRNEaseMob.a in Frameworks */ = {isa = PBXBuildFile; fileRef = 1FA42BAD20C8CCD10081F31B /* libRNEaseMob.a */; };
		1FA42C1920D0B3720081F31B /* MobileCoreServices.framework in Frameworks */ = {isa = PBXBuildFile; fileRef = 1FA42C1820D0B3720081F31B /* MobileCoreServices.framework */; };
		1FA42C1B20D0B37A0081F31B /* CFNetwork.framework in Frameworks */ = {isa = PBXBuildFile; fileRef = 1FA42C1A20D0B37A0081F31B /* CFNetwork.framework */; };
		1FA42C1D20D0B3820081F31B /* libsqlite3.tbd in Frameworks */ = {isa = PBXBuildFile; fileRef = 1FA42C1C20D0B3820081F31B /* libsqlite3.tbd */; };
		1FA42C1F20D0B3890081F31B /* libstdc++.6.0.9.tbd in Frameworks */ = {isa = PBXBuildFile; fileRef = 1FA42C1E20D0B3890081F31B /* libstdc++.6.0.9.tbd */; };
		1FA42C2120D0B3900081F31B /* libz.tbd in Frameworks */ = {isa = PBXBuildFile; fileRef = 1FA42C2020D0B3900081F31B /* libz.tbd */; };
		1FA42C2320D0B3960081F31B /* libiconv.tbd in Frameworks */ = {isa = PBXBuildFile; fileRef = 1FA42C2220D0B3960081F31B /* libiconv.tbd */; };
		1FA42C2520D0B3AC0081F31B /* libresolv.tbd in Frameworks */ = {isa = PBXBuildFile; fileRef = 1FA42C2420D0B3AC0081F31B /* libresolv.tbd */; };
		1FA42C2720D0B3B10081F31B /* libxml2.tbd in Frameworks */ = {isa = PBXBuildFile; fileRef = 1FA42C2620D0B3B10081F31B /* libxml2.tbd */; };
/* End PBXBuildFile section */

/* Begin PBXContainerItemProxy section */
		1FA42BAC20C8CCD10081F31B /* PBXContainerItemProxy */ = {
			isa = PBXContainerItemProxy;
			containerPortal = 1FA42BA820C8CCD10081F31B /* RNEaseMob.xcodeproj */;
			proxyType = 2;
			remoteGlobalIDString = 1F23E46420C7C7BA005C7A6F;
			remoteInfo = RNEaseMob;
		};
		1FA43F9920D118FB0081F31B /* PBXContainerItemProxy */ = {
			isa = PBXContainerItemProxy;
			containerPortal = 1FA43F8820D118FA0081F31B /* React.xcodeproj */;
			proxyType = 2;
			remoteGlobalIDString = 83CBBA2E1A601D0E00E9B192;
			remoteInfo = React;
		};
		1FA43F9B20D118FB0081F31B /* PBXContainerItemProxy */ = {
			isa = PBXContainerItemProxy;
			containerPortal = 1FA43F8820D118FA0081F31B /* React.xcodeproj */;
			proxyType = 2;
			remoteGlobalIDString = 2D2A28131D9B038B00D4039D;
			remoteInfo = "React-tvOS";
		};
		1FA43F9D20D118FB0081F31B /* PBXContainerItemProxy */ = {
			isa = PBXContainerItemProxy;
			containerPortal = 1FA43F8820D118FA0081F31B /* React.xcodeproj */;
			proxyType = 2;
			remoteGlobalIDString = 3D3C059A1DE3340900C268FA;
			remoteInfo = yoga;
		};
		1FA43F9F20D118FB0081F31B /* PBXContainerItemProxy */ = {
			isa = PBXContainerItemProxy;
			containerPortal = 1FA43F8820D118FA0081F31B /* React.xcodeproj */;
			proxyType = 2;
			remoteGlobalIDString = 3D3C06751DE3340C00C268FA;
			remoteInfo = "yoga-tvOS";
		};
		1FA43FA120D118FB0081F31B /* PBXContainerItemProxy */ = {
			isa = PBXContainerItemProxy;
			containerPortal = 1FA43F8820D118FA0081F31B /* React.xcodeproj */;
			proxyType = 2;
			remoteGlobalIDString = 3D3CD9251DE5FBEC00167DC4;
			remoteInfo = cxxreact;
		};
		1FA43FA320D118FB0081F31B /* PBXContainerItemProxy */ = {
			isa = PBXContainerItemProxy;
			containerPortal = 1FA43F8820D118FA0081F31B /* React.xcodeproj */;
			proxyType = 2;
			remoteGlobalIDString = 3D3CD9321DE5FBEE00167DC4;
			remoteInfo = "cxxreact-tvOS";
		};
		1FA43FA520D118FB0081F31B /* PBXContainerItemProxy */ = {
			isa = PBXContainerItemProxy;
			containerPortal = 1FA43F8820D118FA0081F31B /* React.xcodeproj */;
			proxyType = 2;
			remoteGlobalIDString = 3D3CD90B1DE5FBD600167DC4;
			remoteInfo = jschelpers;
		};
		1FA43FA720D118FB0081F31B /* PBXContainerItemProxy */ = {
			isa = PBXContainerItemProxy;
			containerPortal = 1FA43F8820D118FA0081F31B /* React.xcodeproj */;
			proxyType = 2;
			remoteGlobalIDString = 3D3CD9181DE5FBD800167DC4;
			remoteInfo = "jschelpers-tvOS";
		};
		1FA43FA920D118FB0081F31B /* PBXContainerItemProxy */ = {
			isa = PBXContainerItemProxy;
			containerPortal = 1FA43F8820D118FA0081F31B /* React.xcodeproj */;
			proxyType = 2;
			remoteGlobalIDString = 139D7ECE1E25DB7D00323FB7;
			remoteInfo = "third-party";
		};
		1FA43FAB20D118FB0081F31B /* PBXContainerItemProxy */ = {
			isa = PBXContainerItemProxy;
			containerPortal = 1FA43F8820D118FA0081F31B /* React.xcodeproj */;
			proxyType = 2;
			remoteGlobalIDString = 3D383D3C1EBD27B6005632C8;
			remoteInfo = "third-party-tvOS";
		};
		1FA43FAD20D118FB0081F31B /* PBXContainerItemProxy */ = {
			isa = PBXContainerItemProxy;
			containerPortal = 1FA43F8820D118FA0081F31B /* React.xcodeproj */;
			proxyType = 2;
			remoteGlobalIDString = 139D7E881E25C6D100323FB7;
			remoteInfo = "double-conversion";
		};
		1FA43FAF20D118FB0081F31B /* PBXContainerItemProxy */ = {
			isa = PBXContainerItemProxy;
			containerPortal = 1FA43F8820D118FA0081F31B /* React.xcodeproj */;
			proxyType = 2;
			remoteGlobalIDString = 3D383D621EBD27B9005632C8;
			remoteInfo = "double-conversion-tvOS";
		};
		1FA43FB120D118FB0081F31B /* PBXContainerItemProxy */ = {
			isa = PBXContainerItemProxy;
			containerPortal = 1FA43F8820D118FA0081F31B /* React.xcodeproj */;
			proxyType = 2;
			remoteGlobalIDString = 9936F3131F5F2E4B0010BF04;
			remoteInfo = privatedata;
		};
		1FA43FB320D118FB0081F31B /* PBXContainerItemProxy */ = {
			isa = PBXContainerItemProxy;
			containerPortal = 1FA43F8820D118FA0081F31B /* React.xcodeproj */;
			proxyType = 2;
			remoteGlobalIDString = 9936F32F1F5F2E5B0010BF04;
			remoteInfo = "privatedata-tvOS";
		};
/* End PBXContainerItemProxy section */

/* Begin PBXFileReference section */
		1FA42B4720C7E9690081F31B /* EaseMob-Example.app */ = {isa = PBXFileReference; explicitFileType = wrapper.application; includeInIndex = 0; path = "EaseMob-Example.app"; sourceTree = BUILT_PRODUCTS_DIR; };
		1FA42B4A20C7E9690081F31B /* AppDelegate.h */ = {isa = PBXFileReference; lastKnownFileType = sourcecode.c.h; path = AppDelegate.h; sourceTree = "<group>"; };
		1FA42B4B20C7E9690081F31B /* AppDelegate.m */ = {isa = PBXFileReference; lastKnownFileType = sourcecode.c.objc; path = AppDelegate.m; sourceTree = "<group>"; };
		1FA42B4D20C7E9690081F31B /* ViewController.h */ = {isa = PBXFileReference; lastKnownFileType = sourcecode.c.h; path = ViewController.h; sourceTree = "<group>"; };
		1FA42B4E20C7E9690081F31B /* ViewController.m */ = {isa = PBXFileReference; lastKnownFileType = sourcecode.c.objc; path = ViewController.m; sourceTree = "<group>"; };
		1FA42B5120C7E9690081F31B /* Base */ = {isa = PBXFileReference; lastKnownFileType = file.storyboard; name = Base; path = Base.lproj/Main.storyboard; sourceTree = "<group>"; };
		1FA42B5320C7E96B0081F31B /* Assets.xcassets */ = {isa = PBXFileReference; lastKnownFileType = folder.assetcatalog; path = Assets.xcassets; sourceTree = "<group>"; };
		1FA42B5620C7E96B0081F31B /* Base */ = {isa = PBXFileReference; lastKnownFileType = file.storyboard; name = Base; path = Base.lproj/LaunchScreen.storyboard; sourceTree = "<group>"; };
		1FA42B5820C7E96B0081F31B /* Info.plist */ = {isa = PBXFileReference; lastKnownFileType = text.plist.xml; path = Info.plist; sourceTree = "<group>"; };
		1FA42B5920C7E96B0081F31B /* main.m */ = {isa = PBXFileReference; lastKnownFileType = sourcecode.c.objc; path = main.m; sourceTree = "<group>"; };
		1FA42BA820C8CCD10081F31B /* RNEaseMob.xcodeproj */ = {isa = PBXFileReference; lastKnownFileType = "wrapper.pb-project"; name = RNEaseMob.xcodeproj; path = ../../ios/RNEaseMob/RNEaseMob.xcodeproj; sourceTree = "<group>"; };
		1FA42C1820D0B3720081F31B /* MobileCoreServices.framework */ = {isa = PBXFileReference; lastKnownFileType = wrapper.framework; name = MobileCoreServices.framework; path = System/Library/Frameworks/MobileCoreServices.framework; sourceTree = SDKROOT; };
		1FA42C1A20D0B37A0081F31B /* CFNetwork.framework */ = {isa = PBXFileReference; lastKnownFileType = wrapper.framework; name = CFNetwork.framework; path = System/Library/Frameworks/CFNetwork.framework; sourceTree = SDKROOT; };
		1FA42C1C20D0B3820081F31B /* libsqlite3.tbd */ = {isa = PBXFileReference; lastKnownFileType = "sourcecode.text-based-dylib-definition"; name = libsqlite3.tbd; path = usr/lib/libsqlite3.tbd; sourceTree = SDKROOT; };
		1FA42C1E20D0B3890081F31B /* libstdc++.6.0.9.tbd */ = {isa = PBXFileReference; lastKnownFileType = "sourcecode.text-based-dylib-definition"; name = "libstdc++.6.0.9.tbd"; path = "usr/lib/libstdc++.6.0.9.tbd"; sourceTree = SDKROOT; };
		1FA42C2020D0B3900081F31B /* libz.tbd */ = {isa = PBXFileReference; lastKnownFileType = "sourcecode.text-based-dylib-definition"; name = libz.tbd; path = usr/lib/libz.tbd; sourceTree = SDKROOT; };
		1FA42C2220D0B3960081F31B /* libiconv.tbd */ = {isa = PBXFileReference; lastKnownFileType = "sourcecode.text-based-dylib-definition"; name = libiconv.tbd; path = usr/lib/libiconv.tbd; sourceTree = SDKROOT; };
		1FA42C2420D0B3AC0081F31B /* libresolv.tbd */ = {isa = PBXFileReference; lastKnownFileType = "sourcecode.text-based-dylib-definition"; name = libresolv.tbd; path = usr/lib/libresolv.tbd; sourceTree = SDKROOT; };
		1FA42C2620D0B3B10081F31B /* libxml2.tbd */ = {isa = PBXFileReference; lastKnownFileType = "sourcecode.text-based-dylib-definition"; name = libxml2.tbd; path = usr/lib/libxml2.tbd; sourceTree = SDKROOT; };
		1FA43F8820D118FA0081F31B /* React.xcodeproj */ = {isa = PBXFileReference; lastKnownFileType = "wrapper.pb-project"; name = React.xcodeproj; path = "../node_modules/react-native/React/React.xcodeproj"; sourceTree = "<group>"; };
/* End PBXFileReference section */

/* Begin PBXFrameworksBuildPhase section */
		1FA42B4420C7E9690081F31B /* Frameworks */ = {
			isa = PBXFrameworksBuildPhase;
			buildActionMask = 2147483647;
			files = (
				1FA42C2720D0B3B10081F31B /* libxml2.tbd in Frameworks */,
				1FA42C2520D0B3AC0081F31B /* libresolv.tbd in Frameworks */,
				1FA42C2320D0B3960081F31B /* libiconv.tbd in Frameworks */,
				1FA42C2120D0B3900081F31B /* libz.tbd in Frameworks */,
				1FA42C1F20D0B3890081F31B /* libstdc++.6.0.9.tbd in Frameworks */,
				1FA42C1D20D0B3820081F31B /* libsqlite3.tbd in Frameworks */,
				1FA42C1B20D0B37A0081F31B /* CFNetwork.framework in Frameworks */,
				1FA42C1920D0B3720081F31B /* MobileCoreServices.framework in Frameworks */,
				1FA42C1720D0B3380081F31B /* libRNEaseMob.a in Frameworks */,
			);
			runOnlyForDeploymentPostprocessing = 0;
		};
/* End PBXFrameworksBuildPhase section */

/* Begin PBXGroup section */
		1FA42B3E20C7E9690081F31B = {
			isa = PBXGroup;
			children = (
				1FA42B4920C7E9690081F31B /* EaseMob-Example */,
				1FA42B6120C800AB0081F31B /* Library */,
				1FA42B4820C7E9690081F31B /* Products */,
				1FA42C1620D0B3380081F31B /* Frameworks */,
			);
			sourceTree = "<group>";
		};
		1FA42B4820C7E9690081F31B /* Products */ = {
			isa = PBXGroup;
			children = (
				1FA42B4720C7E9690081F31B /* EaseMob-Example.app */,
			);
			name = Products;
			sourceTree = "<group>";
		};
		1FA42B4920C7E9690081F31B /* EaseMob-Example */ = {
			isa = PBXGroup;
			children = (
				1FA42B4A20C7E9690081F31B /* AppDelegate.h */,
				1FA42B4B20C7E9690081F31B /* AppDelegate.m */,
				1FA42B4D20C7E9690081F31B /* ViewController.h */,
				1FA42B4E20C7E9690081F31B /* ViewController.m */,
				1FA42B5020C7E9690081F31B /* Main.storyboard */,
				1FA42B5320C7E96B0081F31B /* Assets.xcassets */,
				1FA42B5520C7E96B0081F31B /* LaunchScreen.storyboard */,
				1FA42B5820C7E96B0081F31B /* Info.plist */,
				1FA42B5920C7E96B0081F31B /* main.m */,
			);
			path = "EaseMob-Example";
			sourceTree = "<group>";
		};
		1FA42B6120C800AB0081F31B /* Library */ = {
			isa = PBXGroup;
			children = (
				1FA43F8820D118FA0081F31B /* React.xcodeproj */,
				1FA42BA820C8CCD10081F31B /* RNEaseMob.xcodeproj */,
			);
			name = Library;
			sourceTree = "<group>";
		};
		1FA42BA920C8CCD10081F31B /* Products */ = {
			isa = PBXGroup;
			children = (
				1FA42BAD20C8CCD10081F31B /* libRNEaseMob.a */,
			);
			name = Products;
			sourceTree = "<group>";
		};
		1FA42C1620D0B3380081F31B /* Frameworks */ = {
			isa = PBXGroup;
			children = (
				1FA42C2620D0B3B10081F31B /* libxml2.tbd */,
				1FA42C2420D0B3AC0081F31B /* libresolv.tbd */,
				1FA42C2220D0B3960081F31B /* libiconv.tbd */,
				1FA42C2020D0B3900081F31B /* libz.tbd */,
				1FA42C1E20D0B3890081F31B /* libstdc++.6.0.9.tbd */,
				1FA42C1C20D0B3820081F31B /* libsqlite3.tbd */,
				1FA42C1A20D0B37A0081F31B /* CFNetwork.framework */,
				1FA42C1820D0B3720081F31B /* MobileCoreServices.framework */,
			);
			name = Frameworks;
			sourceTree = "<group>";
		};
		1FA43F8920D118FA0081F31B /* Products */ = {
			isa = PBXGroup;
			children = (
				1FA43F9A20D118FB0081F31B /* libReact.a */,
				1FA43F9C20D118FB0081F31B /* libReact.a */,
				1FA43F9E20D118FB0081F31B /* libyoga.a */,
				1FA43FA020D118FB0081F31B /* libyoga.a */,
				1FA43FA220D118FB0081F31B /* libcxxreact.a */,
				1FA43FA420D118FB0081F31B /* libcxxreact.a */,
				1FA43FA620D118FB0081F31B /* libjschelpers.a */,
				1FA43FA820D118FB0081F31B /* libjschelpers.a */,
				1FA43FAA20D118FB0081F31B /* libthird-party.a */,
				1FA43FAC20D118FB0081F31B /* libthird-party.a */,
				1FA43FAE20D118FB0081F31B /* libdouble-conversion.a */,
				1FA43FB020D118FB0081F31B /* libdouble-conversion.a */,
				1FA43FB220D118FB0081F31B /* libprivatedata.a */,
				1FA43FB420D118FB0081F31B /* libprivatedata-tvOS.a */,
			);
			name = Products;
			sourceTree = "<group>";
		};
/* End PBXGroup section */

/* Begin PBXNativeTarget section */
		1FA42B4620C7E9690081F31B /* EaseMob-Example */ = {
			isa = PBXNativeTarget;
			buildConfigurationList = 1FA42B5D20C7E96B0081F31B /* Build configuration list for PBXNativeTarget "EaseMob-Example" */;
			buildPhases = (
				1FA42B4320C7E9690081F31B /* Sources */,
				1FA42B4420C7E9690081F31B /* Frameworks */,
				1FA42B4520C7E9690081F31B /* Resources */,
			);
			buildRules = (
			);
			dependencies = (
			);
			name = "EaseMob-Example";
			productName = "EaseMob-Example";
			productReference = 1FA42B4720C7E9690081F31B /* EaseMob-Example.app */;
			productType = "com.apple.product-type.application";
		};
/* End PBXNativeTarget section */

/* Begin PBXProject section */
		1FA42B3F20C7E9690081F31B /* Project object */ = {
			isa = PBXProject;
			attributes = {
				LastUpgradeCheck = 0940;
				ORGANIZATIONNAME = Hecom;
				TargetAttributes = {
					1FA42B4620C7E9690081F31B = {
						CreatedOnToolsVersion = 9.4;
					};
				};
			};
			buildConfigurationList = 1FA42B4220C7E9690081F31B /* Build configuration list for PBXProject "EaseMob-Example" */;
			compatibilityVersion = "Xcode 9.3";
			developmentRegion = en;
			hasScannedForEncodings = 0;
			knownRegions = (
				en,
				Base,
			);
			mainGroup = 1FA42B3E20C7E9690081F31B;
			productRefGroup = 1FA42B4820C7E9690081F31B /* Products */;
			projectDirPath = "";
			projectReferences = (
				{
					ProductGroup = 1FA43F8920D118FA0081F31B /* Products */;
					ProjectRef = 1FA43F8820D118FA0081F31B /* React.xcodeproj */;
				},
				{
					ProductGroup = 1FA42BA920C8CCD10081F31B /* Products */;
					ProjectRef = 1FA42BA820C8CCD10081F31B /* RNEaseMob.xcodeproj */;
				},
			);
			projectRoot = "";
			targets = (
				1FA42B4620C7E9690081F31B /* EaseMob-Example */,
			);
		};
/* End PBXProject section */

/* Begin PBXReferenceProxy section */
		1FA42BAD20C8CCD10081F31B /* libRNEaseMob.a */ = {
			isa = PBXReferenceProxy;
			fileType = archive.ar;
			path = libRNEaseMob.a;
			remoteRef = 1FA42BAC20C8CCD10081F31B /* PBXContainerItemProxy */;
			sourceTree = BUILT_PRODUCTS_DIR;
		};
		1FA43F9A20D118FB0081F31B /* libReact.a */ = {
			isa = PBXReferenceProxy;
			fileType = archive.ar;
			path = libReact.a;
			remoteRef = 1FA43F9920D118FB0081F31B /* PBXContainerItemProxy */;
			sourceTree = BUILT_PRODUCTS_DIR;
		};
		1FA43F9C20D118FB0081F31B /* libReact.a */ = {
			isa = PBXReferenceProxy;
			fileType = archive.ar;
			path = libReact.a;
			remoteRef = 1FA43F9B20D118FB0081F31B /* PBXContainerItemProxy */;
			sourceTree = BUILT_PRODUCTS_DIR;
		};
		1FA43F9E20D118FB0081F31B /* libyoga.a */ = {
			isa = PBXReferenceProxy;
			fileType = archive.ar;
			path = libyoga.a;
			remoteRef = 1FA43F9D20D118FB0081F31B /* PBXContainerItemProxy */;
			sourceTree = BUILT_PRODUCTS_DIR;
		};
		1FA43FA020D118FB0081F31B /* libyoga.a */ = {
			isa = PBXReferenceProxy;
			fileType = archive.ar;
			path = libyoga.a;
			remoteRef = 1FA43F9F20D118FB0081F31B /* PBXContainerItemProxy */;
			sourceTree = BUILT_PRODUCTS_DIR;
		};
		1FA43FA220D118FB0081F31B /* libcxxreact.a */ = {
			isa = PBXReferenceProxy;
			fileType = archive.ar;
			path = libcxxreact.a;
			remoteRef = 1FA43FA120D118FB0081F31B /* PBXContainerItemProxy */;
			sourceTree = BUILT_PRODUCTS_DIR;
		};
		1FA43FA420D118FB0081F31B /* libcxxreact.a */ = {
			isa = PBXReferenceProxy;
			fileType = archive.ar;
			path = libcxxreact.a;
			remoteRef = 1FA43FA320D118FB0081F31B /* PBXContainerItemProxy */;
			sourceTree = BUILT_PRODUCTS_DIR;
		};
		1FA43FA620D118FB0081F31B /* libjschelpers.a */ = {
			isa = PBXReferenceProxy;
			fileType = archive.ar;
			path = libjschelpers.a;
			remoteRef = 1FA43FA520D118FB0081F31B /* PBXContainerItemProxy */;
			sourceTree = BUILT_PRODUCTS_DIR;
		};
		1FA43FA820D118FB0081F31B /* libjschelpers.a */ = {
			isa = PBXReferenceProxy;
			fileType = archive.ar;
			path = libjschelpers.a;
			remoteRef = 1FA43FA720D118FB0081F31B /* PBXContainerItemProxy */;
			sourceTree = BUILT_PRODUCTS_DIR;
		};
		1FA43FAA20D118FB0081F31B /* libthird-party.a */ = {
			isa = PBXReferenceProxy;
			fileType = archive.ar;
			path = "libthird-party.a";
			remoteRef = 1FA43FA920D118FB0081F31B /* PBXContainerItemProxy */;
			sourceTree = BUILT_PRODUCTS_DIR;
		};
		1FA43FAC20D118FB0081F31B /* libthird-party.a */ = {
			isa = PBXReferenceProxy;
			fileType = archive.ar;
			path = "libthird-party.a";
			remoteRef = 1FA43FAB20D118FB0081F31B /* PBXContainerItemProxy */;
			sourceTree = BUILT_PRODUCTS_DIR;
		};
		1FA43FAE20D118FB0081F31B /* libdouble-conversion.a */ = {
			isa = PBXReferenceProxy;
			fileType = archive.ar;
			path = "libdouble-conversion.a";
			remoteRef = 1FA43FAD20D118FB0081F31B /* PBXContainerItemProxy */;
			sourceTree = BUILT_PRODUCTS_DIR;
		};
		1FA43FB020D118FB0081F31B /* libdouble-conversion.a */ = {
			isa = PBXReferenceProxy;
			fileType = archive.ar;
			path = "libdouble-conversion.a";
			remoteRef = 1FA43FAF20D118FB0081F31B /* PBXContainerItemProxy */;
			sourceTree = BUILT_PRODUCTS_DIR;
		};
		1FA43FB220D118FB0081F31B /* libprivatedata.a */ = {
			isa = PBXReferenceProxy;
			fileType = archive.ar;
			path = libprivatedata.a;
			remoteRef = 1FA43FB120D118FB0081F31B /* PBXContainerItemProxy */;
			sourceTree = BUILT_PRODUCTS_DIR;
		};
		1FA43FB420D118FB0081F31B /* libprivatedata-tvOS.a */ = {
			isa = PBXReferenceProxy;
			fileType = archive.ar;
			path = "libprivatedata-tvOS.a";
			remoteRef = 1FA43FB320D118FB0081F31B /* PBXContainerItemProxy */;
			sourceTree = BUILT_PRODUCTS_DIR;
		};
/* End PBXReferenceProxy section */

/* Begin PBXResourcesBuildPhase section */
		1FA42B4520C7E9690081F31B /* Resources */ = {
			isa = PBXResourcesBuildPhase;
			buildActionMask = 2147483647;
			files = (
				1FA42B5720C7E96B0081F31B /* LaunchScreen.storyboard in Resources */,
				1FA42B5420C7E96B0081F31B /* Assets.xcassets in Resources */,
				1FA42B5220C7E9690081F31B /* Main.storyboard in Resources */,
			);
			runOnlyForDeploymentPostprocessing = 0;
		};
/* End PBXResourcesBuildPhase section */

/* Begin PBXSourcesBuildPhase section */
		1FA42B4320C7E9690081F31B /* Sources */ = {
			isa = PBXSourcesBuildPhase;
			buildActionMask = 2147483647;
			files = (
				1FA42B4F20C7E9690081F31B /* ViewController.m in Sources */,
				1FA42B5A20C7E96B0081F31B /* main.m in Sources */,
				1FA42B4C20C7E9690081F31B /* AppDelegate.m in Sources */,
			);
			runOnlyForDeploymentPostprocessing = 0;
		};
/* End PBXSourcesBuildPhase section */

/* Begin PBXVariantGroup section */
		1FA42B5020C7E9690081F31B /* Main.storyboard */ = {
			isa = PBXVariantGroup;
			children = (
				1FA42B5120C7E9690081F31B /* Base */,
			);
			name = Main.storyboard;
			sourceTree = "<group>";
		};
		1FA42B5520C7E96B0081F31B /* LaunchScreen.storyboard */ = {
			isa = PBXVariantGroup;
			children = (
				1FA42B5620C7E96B0081F31B /* Base */,
			);
			name = LaunchScreen.storyboard;
			sourceTree = "<group>";
		};
/* End PBXVariantGroup section */

/* Begin XCBuildConfiguration section */
		1FA42B5B20C7E96B0081F31B /* Debug */ = {
			isa = XCBuildConfiguration;
			buildSettings = {
				ALWAYS_SEARCH_USER_PATHS = NO;
				CLANG_ANALYZER_NONNULL = YES;
				CLANG_ANALYZER_NUMBER_OBJECT_CONVERSION = YES_AGGRESSIVE;
				CLANG_CXX_LANGUAGE_STANDARD = "gnu++14";
				CLANG_CXX_LIBRARY = "libc++";
				CLANG_ENABLE_MODULES = YES;
				CLANG_ENABLE_OBJC_ARC = YES;
				CLANG_ENABLE_OBJC_WEAK = YES;
				CLANG_WARN_BLOCK_CAPTURE_AUTORELEASING = YES;
				CLANG_WARN_BOOL_CONVERSION = YES;
				CLANG_WARN_COMMA = YES;
				CLANG_WARN_CONSTANT_CONVERSION = YES;
				CLANG_WARN_DEPRECATED_OBJC_IMPLEMENTATIONS = YES;
				CLANG_WARN_DIRECT_OBJC_ISA_USAGE = YES_ERROR;
				CLANG_WARN_DOCUMENTATION_COMMENTS = YES;
				CLANG_WARN_EMPTY_BODY = YES;
				CLANG_WARN_ENUM_CONVERSION = YES;
				CLANG_WARN_INFINITE_RECURSION = YES;
				CLANG_WARN_INT_CONVERSION = YES;
				CLANG_WARN_NON_LITERAL_NULL_CONVERSION = YES;
				CLANG_WARN_OBJC_IMPLICIT_RETAIN_SELF = YES;
				CLANG_WARN_OBJC_LITERAL_CONVERSION = YES;
				CLANG_WARN_OBJC_ROOT_CLASS = YES_ERROR;
				CLANG_WARN_RANGE_LOOP_ANALYSIS = YES;
				CLANG_WARN_STRICT_PROTOTYPES = YES;
				CLANG_WARN_SUSPICIOUS_MOVE = YES;
				CLANG_WARN_UNGUARDED_AVAILABILITY = YES_AGGRESSIVE;
				CLANG_WARN_UNREACHABLE_CODE = YES;
				CLANG_WARN__DUPLICATE_METHOD_MATCH = YES;
				CODE_SIGN_IDENTITY = "iPhone Developer";
				COPY_PHASE_STRIP = NO;
				DEBUG_INFORMATION_FORMAT = dwarf;
				ENABLE_STRICT_OBJC_MSGSEND = YES;
				ENABLE_TESTABILITY = YES;
				GCC_C_LANGUAGE_STANDARD = gnu11;
				GCC_DYNAMIC_NO_PIC = NO;
				GCC_NO_COMMON_BLOCKS = YES;
				GCC_OPTIMIZATION_LEVEL = 0;
				GCC_PREPROCESSOR_DEFINITIONS = (
					"DEBUG=1",
					"$(inherited)",
				);
				GCC_WARN_64_TO_32_BIT_CONVERSION = YES;
				GCC_WARN_ABOUT_RETURN_TYPE = YES_ERROR;
				GCC_WARN_UNDECLARED_SELECTOR = YES;
				GCC_WARN_UNINITIALIZED_AUTOS = YES_AGGRESSIVE;
				GCC_WARN_UNUSED_FUNCTION = YES;
				GCC_WARN_UNUSED_VARIABLE = YES;
				IPHONEOS_DEPLOYMENT_TARGET = 11.4;
				MTL_ENABLE_DEBUG_INFO = YES;
				ONLY_ACTIVE_ARCH = YES;
				SDKROOT = iphoneos;
			};
			name = Debug;
		};
		1FA42B5C20C7E96B0081F31B /* Release */ = {
			isa = XCBuildConfiguration;
			buildSettings = {
				ALWAYS_SEARCH_USER_PATHS = NO;
				CLANG_ANALYZER_NONNULL = YES;
				CLANG_ANALYZER_NUMBER_OBJECT_CONVERSION = YES_AGGRESSIVE;
				CLANG_CXX_LANGUAGE_STANDARD = "gnu++14";
				CLANG_CXX_LIBRARY = "libc++";
				CLANG_ENABLE_MODULES = YES;
				CLANG_ENABLE_OBJC_ARC = YES;
				CLANG_ENABLE_OBJC_WEAK = YES;
				CLANG_WARN_BLOCK_CAPTURE_AUTORELEASING = YES;
				CLANG_WARN_BOOL_CONVERSION = YES;
				CLANG_WARN_COMMA = YES;
				CLANG_WARN_CONSTANT_CONVERSION = YES;
				CLANG_WARN_DEPRECATED_OBJC_IMPLEMENTATIONS = YES;
				CLANG_WARN_DIRECT_OBJC_ISA_USAGE = YES_ERROR;
				CLANG_WARN_DOCUMENTATION_COMMENTS = YES;
				CLANG_WARN_EMPTY_BODY = YES;
				CLANG_WARN_ENUM_CONVERSION = YES;
				CLANG_WARN_INFINITE_RECURSION = YES;
				CLANG_WARN_INT_CONVERSION = YES;
				CLANG_WARN_NON_LITERAL_NULL_CONVERSION = YES;
				CLANG_WARN_OBJC_IMPLICIT_RETAIN_SELF = YES;
				CLANG_WARN_OBJC_LITERAL_CONVERSION = YES;
				CLANG_WARN_OBJC_ROOT_CLASS = YES_ERROR;
				CLANG_WARN_RANGE_LOOP_ANALYSIS = YES;
				CLANG_WARN_STRICT_PROTOTYPES = YES;
				CLANG_WARN_SUSPICIOUS_MOVE = YES;
				CLANG_WARN_UNGUARDED_AVAILABILITY = YES_AGGRESSIVE;
				CLANG_WARN_UNREACHABLE_CODE = YES;
				CLANG_WARN__DUPLICATE_METHOD_MATCH = YES;
				CODE_SIGN_IDENTITY = "iPhone Developer";
				COPY_PHASE_STRIP = NO;
				DEBUG_INFORMATION_FORMAT = "dwarf-with-dsym";
				ENABLE_NS_ASSERTIONS = NO;
				ENABLE_STRICT_OBJC_MSGSEND = YES;
				GCC_C_LANGUAGE_STANDARD = gnu11;
				GCC_NO_COMMON_BLOCKS = YES;
				GCC_WARN_64_TO_32_BIT_CONVERSION = YES;
				GCC_WARN_ABOUT_RETURN_TYPE = YES_ERROR;
				GCC_WARN_UNDECLARED_SELECTOR = YES;
				GCC_WARN_UNINITIALIZED_AUTOS = YES_AGGRESSIVE;
				GCC_WARN_UNUSED_FUNCTION = YES;
				GCC_WARN_UNUSED_VARIABLE = YES;
				IPHONEOS_DEPLOYMENT_TARGET = 11.4;
				MTL_ENABLE_DEBUG_INFO = NO;
				SDKROOT = iphoneos;
				VALIDATE_PRODUCT = YES;
			};
			name = Release;
		};
		1FA42B5E20C7E96B0081F31B /* Debug */ = {
			isa = XCBuildConfiguration;
			buildSettings = {
				ASSETCATALOG_COMPILER_APPICON_NAME = AppIcon;
				CODE_SIGN_STYLE = Automatic;
				INFOPLIST_FILE = "EaseMob-Example/Info.plist";
				LD_RUNPATH_SEARCH_PATHS = (
					"$(inherited)",
					"@executable_path/Frameworks",
				);
				PRODUCT_BUNDLE_IDENTIFIER = "com.hecom.EaseMob-Example";
				PRODUCT_NAME = "$(TARGET_NAME)";
				TARGETED_DEVICE_FAMILY = "1,2";
			};
			name = Debug;
		};
		1FA42B5F20C7E96B0081F31B /* Release */ = {
			isa = XCBuildConfiguration;
			buildSettings = {
				ASSETCATALOG_COMPILER_APPICON_NAME = AppIcon;
				CODE_SIGN_STYLE = Automatic;
				INFOPLIST_FILE = "EaseMob-Example/Info.plist";
				LD_RUNPATH_SEARCH_PATHS = (
					"$(inherited)",
					"@executable_path/Frameworks",
				);
				PRODUCT_BUNDLE_IDENTIFIER = "com.hecom.EaseMob-Example";
				PRODUCT_NAME = "$(TARGET_NAME)";
				TARGETED_DEVICE_FAMILY = "1,2";
			};
			name = Release;
		};
/* End XCBuildConfiguration section */

/* Begin XCConfigurationList section */
		1FA42B4220C7E9690081F31B /* Build configuration list for PBXProject "EaseMob-Example" */ = {
			isa = XCConfigurationList;
			buildConfigurations = (
				1FA42B5B20C7E96B0081F31B /* Debug */,
				1FA42B5C20C7E96B0081F31B /* Release */,
			);
			defaultConfigurationIsVisible = 0;
			defaultConfigurationName = Release;
		};
		1FA42B5D20C7E96B0081F31B /* Build configuration list for PBXNativeTarget "EaseMob-Example" */ = {
			isa = XCConfigurationList;
			buildConfigurations = (
				1FA42B5E20C7E96B0081F31B /* Debug */,
				1FA42B5F20C7E96B0081F31B /* Release */,
			);
			defaultConfigurationIsVisible = 0;
			defaultConfigurationName = Release;
		};
/* End XCConfigurationList section */
	};
	rootObject = 1FA42B3F20C7E9690081F31B /* Project object */;
}
