// !$*UTF8*$!
{
	archiveVersion = 1;
	classes = {
	};
	objectVersion = 50;
	objects = {

/* Begin PBXBuildFile section */
		1FA42B4C20C7E9690081F31B /* AppDelegate.m in Sources */ = {isa = PBXBuildFile; fileRef = 1FA42B4B20C7E9690081F31B /* AppDelegate.m */; };
		1FA42B5420C7E96B0081F31B /* Assets.xcassets in Resources */ = {isa = PBXBuildFile; fileRef = 1FA42B5320C7E96B0081F31B /* Assets.xcassets */; };
		1FA42B5720C7E96B0081F31B /* LaunchScreen.storyboard in Resources */ = {isa = PBXBuildFile; fileRef = 1FA42B5520C7E96B0081F31B /* LaunchScreen.storyboard */; };
		1FA42B5A20C7E96B0081F31B /* main.m in Sources */ = {isa = PBXBuildFile; fileRef = 1FA42B5920C7E96B0081F31B /* main.m */; };
		1FA43FB920D24DFC0081F31B /* RNBridgeModuleManager.m in Sources */ = {isa = PBXBuildFile; fileRef = 1FA43FB820D24DFC0081F31B /* RNBridgeModuleManager.m */; };
		1FA43FBC20D24ED30081F31B /* RNViewManager.m in Sources */ = {isa = PBXBuildFile; fileRef = 1FA43FBB20D24ED30081F31B /* RNViewManager.m */; };
		1FA43FBF20D24F260081F31B /* RNViewController.m in Sources */ = {isa = PBXBuildFile; fileRef = 1FA43FBE20D24F260081F31B /* RNViewController.m */; };
		5ACDAB4BC01BE992D96F36D9 /* libPods-EaseMob-Example.a in Frameworks */ = {isa = PBXBuildFile; fileRef = 22CFFC349FC37AAB5BF11D3E /* libPods-EaseMob-Example.a */; };
/* End PBXBuildFile section */

/* Begin PBXFileReference section */
		1FA42B4720C7E9690081F31B /* EaseMob-Example.app */ = {isa = PBXFileReference; explicitFileType = wrapper.application; includeInIndex = 0; path = "EaseMob-Example.app"; sourceTree = BUILT_PRODUCTS_DIR; };
		1FA42B4A20C7E9690081F31B /* AppDelegate.h */ = {isa = PBXFileReference; lastKnownFileType = sourcecode.c.h; path = AppDelegate.h; sourceTree = "<group>"; };
		1FA42B4B20C7E9690081F31B /* AppDelegate.m */ = {isa = PBXFileReference; lastKnownFileType = sourcecode.c.objc; path = AppDelegate.m; sourceTree = "<group>"; };
		1FA42B5320C7E96B0081F31B /* Assets.xcassets */ = {isa = PBXFileReference; lastKnownFileType = folder.assetcatalog; path = Assets.xcassets; sourceTree = "<group>"; };
		1FA42B5620C7E96B0081F31B /* Base */ = {isa = PBXFileReference; lastKnownFileType = file.storyboard; name = Base; path = Base.lproj/LaunchScreen.storyboard; sourceTree = "<group>"; };
		1FA42B5820C7E96B0081F31B /* Info.plist */ = {isa = PBXFileReference; lastKnownFileType = text.plist.xml; path = Info.plist; sourceTree = "<group>"; };
		1FA42B5920C7E96B0081F31B /* main.m */ = {isa = PBXFileReference; lastKnownFileType = sourcecode.c.objc; path = main.m; sourceTree = "<group>"; };
		1FA43FB720D24DFC0081F31B /* RNBridgeModuleManager.h */ = {isa = PBXFileReference; lastKnownFileType = sourcecode.c.h; path = RNBridgeModuleManager.h; sourceTree = "<group>"; };
		1FA43FB820D24DFC0081F31B /* RNBridgeModuleManager.m */ = {isa = PBXFileReference; lastKnownFileType = sourcecode.c.objc; path = RNBridgeModuleManager.m; sourceTree = "<group>"; };
		1FA43FBA20D24ED30081F31B /* RNViewManager.h */ = {isa = PBXFileReference; lastKnownFileType = sourcecode.c.h; path = RNViewManager.h; sourceTree = "<group>"; };
		1FA43FBB20D24ED30081F31B /* RNViewManager.m */ = {isa = PBXFileReference; lastKnownFileType = sourcecode.c.objc; path = RNViewManager.m; sourceTree = "<group>"; };
		1FA43FBD20D24F260081F31B /* RNViewController.h */ = {isa = PBXFileReference; lastKnownFileType = sourcecode.c.h; path = RNViewController.h; sourceTree = "<group>"; };
		1FA43FBE20D24F260081F31B /* RNViewController.m */ = {isa = PBXFileReference; lastKnownFileType = sourcecode.c.objc; path = RNViewController.m; sourceTree = "<group>"; };
		22CFFC349FC37AAB5BF11D3E /* libPods-EaseMob-Example.a */ = {isa = PBXFileReference; explicitFileType = archive.ar; includeInIndex = 0; path = "libPods-EaseMob-Example.a"; sourceTree = BUILT_PRODUCTS_DIR; };
		3A610261D8B52C3A672BB879 /* Pods-EaseMob-Example.debug.xcconfig */ = {isa = PBXFileReference; includeInIndex = 1; lastKnownFileType = text.xcconfig; name = "Pods-EaseMob-Example.debug.xcconfig"; path = "Pods/Target Support Files/Pods-EaseMob-Example/Pods-EaseMob-Example.debug.xcconfig"; sourceTree = "<group>"; };
		5465088E6CEAEE1B285D53C7 /* Pods-EaseMob-Example.release.xcconfig */ = {isa = PBXFileReference; includeInIndex = 1; lastKnownFileType = text.xcconfig; name = "Pods-EaseMob-Example.release.xcconfig"; path = "Pods/Target Support Files/Pods-EaseMob-Example/Pods-EaseMob-Example.release.xcconfig"; sourceTree = "<group>"; };
/* End PBXFileReference section */

/* Begin PBXFrameworksBuildPhase section */
		1FA42B4420C7E9690081F31B /* Frameworks */ = {
			isa = PBXFrameworksBuildPhase;
			buildActionMask = 2147483647;
			files = (
				5ACDAB4BC01BE992D96F36D9 /* libPods-EaseMob-Example.a in Frameworks */,
			);
			runOnlyForDeploymentPostprocessing = 0;
		};
/* End PBXFrameworksBuildPhase section */

/* Begin PBXGroup section */
		1FA42B3E20C7E9690081F31B = {
			isa = PBXGroup;
			children = (
				1FA42B4920C7E9690081F31B /* EaseMob-Example */,
				1FA42B4820C7E9690081F31B /* Products */,
				1FA42C1620D0B3380081F31B /* Frameworks */,
				620FA5B137D3326B23682456 /* Pods */,
			);
			sourceTree = "<group>";
		};
		1FA42B4820C7E9690081F31B /* Products */ = {
			isa = PBXGroup;
			children = (
				1FA42B4720C7E9690081F31B /* EaseMob-Example.app */,
			);
			name = Products;
			sourceTree = "<group>";
		};
		1FA42B4920C7E9690081F31B /* EaseMob-Example */ = {
			isa = PBXGroup;
			children = (
				1FA43FB620D24DE90081F31B /* ReactNative */,
				1FA42B4A20C7E9690081F31B /* AppDelegate.h */,
				1FA42B4B20C7E9690081F31B /* AppDelegate.m */,
				1FA42B5320C7E96B0081F31B /* Assets.xcassets */,
				1FA42B5520C7E96B0081F31B /* LaunchScreen.storyboard */,
				1FA42B5820C7E96B0081F31B /* Info.plist */,
				1FA42B5920C7E96B0081F31B /* main.m */,
			);
			path = "EaseMob-Example";
			sourceTree = "<group>";
		};
		1FA42C1620D0B3380081F31B /* Frameworks */ = {
			isa = PBXGroup;
			children = (
				22CFFC349FC37AAB5BF11D3E /* libPods-EaseMob-Example.a */,
			);
			name = Frameworks;
			sourceTree = "<group>";
		};
		1FA43FB620D24DE90081F31B /* ReactNative */ = {
			isa = PBXGroup;
			children = (
				1FA43FB720D24DFC0081F31B /* RNBridgeModuleManager.h */,
				1FA43FB820D24DFC0081F31B /* RNBridgeModuleManager.m */,
				1FA43FBA20D24ED30081F31B /* RNViewManager.h */,
				1FA43FBB20D24ED30081F31B /* RNViewManager.m */,
				1FA43FBD20D24F260081F31B /* RNViewController.h */,
				1FA43FBE20D24F260081F31B /* RNViewController.m */,
			);
			path = ReactNative;
			sourceTree = "<group>";
		};
		620FA5B137D3326B23682456 /* Pods */ = {
			isa = PBXGroup;
			children = (
				3A610261D8B52C3A672BB879 /* Pods-EaseMob-Example.debug.xcconfig */,
				5465088E6CEAEE1B285D53C7 /* Pods-EaseMob-Example.release.xcconfig */,
			);
			name = Pods;
			sourceTree = "<group>";
		};
/* End PBXGroup section */

/* Begin PBXNativeTarget section */
		1FA42B4620C7E9690081F31B /* EaseMob-Example */ = {
			isa = PBXNativeTarget;
			buildConfigurationList = 1FA42B5D20C7E96B0081F31B /* Build configuration list for PBXNativeTarget "EaseMob-Example" */;
			buildPhases = (
				D027D92D7F73DA85DBD49B16 /* [CP] Check Pods Manifest.lock */,
				1FA42B4320C7E9690081F31B /* Sources */,
				1FA42B4420C7E9690081F31B /* Frameworks */,
				1FA42B4520C7E9690081F31B /* Resources */,
				F546C7CB48E22162AD9F746B /* [CP] Embed Pods Frameworks */,
			);
			buildRules = (
			);
			dependencies = (
			);
			name = "EaseMob-Example";
			productName = "EaseMob-Example";
			productReference = 1FA42B4720C7E9690081F31B /* EaseMob-Example.app */;
			productType = "com.apple.product-type.application";
		};
/* End PBXNativeTarget section */

/* Begin PBXProject section */
		1FA42B3F20C7E9690081F31B /* Project object */ = {
			isa = PBXProject;
			attributes = {
				LastUpgradeCheck = 0940;
				ORGANIZATIONNAME = IM;
				TargetAttributes = {
					1FA42B4620C7E9690081F31B = {
						CreatedOnToolsVersion = 9.4;
					};
				};
			};
			buildConfigurationList = 1FA42B4220C7E9690081F31B /* Build configuration list for PBXProject "EaseMob-Example" */;
			compatibilityVersion = "Xcode 9.3";
			developmentRegion = en;
			hasScannedForEncodings = 0;
			knownRegions = (
				en,
				Base,
			);
			mainGroup = 1FA42B3E20C7E9690081F31B;
			productRefGroup = 1FA42B4820C7E9690081F31B /* Products */;
			projectDirPath = "";
			projectRoot = "";
			targets = (
				1FA42B4620C7E9690081F31B /* EaseMob-Example */,
			);
		};
/* End PBXProject section */

/* Begin PBXResourcesBuildPhase section */
		1FA42B4520C7E9690081F31B /* Resources */ = {
			isa = PBXResourcesBuildPhase;
			buildActionMask = 2147483647;
			files = (
				1FA42B5720C7E96B0081F31B /* LaunchScreen.storyboard in Resources */,
				1FA42B5420C7E96B0081F31B /* Assets.xcassets in Resources */,
			);
			runOnlyForDeploymentPostprocessing = 0;
		};
/* End PBXResourcesBuildPhase section */

/* Begin PBXShellScriptBuildPhase section */
		D027D92D7F73DA85DBD49B16 /* [CP] Check Pods Manifest.lock */ = {
			isa = PBXShellScriptBuildPhase;
			buildActionMask = 2147483647;
			files = (
			);
			inputPaths = (
				"${PODS_PODFILE_DIR_PATH}/Podfile.lock",
				"${PODS_ROOT}/Manifest.lock",
			);
			name = "[CP] Check Pods Manifest.lock";
			outputPaths = (
				"$(DERIVED_FILE_DIR)/Pods-EaseMob-Example-checkManifestLockResult.txt",
			);
			runOnlyForDeploymentPostprocessing = 0;
			shellPath = /bin/sh;
			shellScript = "diff \"${PODS_PODFILE_DIR_PATH}/Podfile.lock\" \"${PODS_ROOT}/Manifest.lock\" > /dev/null\nif [ $? != 0 ] ; then\n    # print error to STDERR\n    echo \"error: The sandbox is not in sync with the Podfile.lock. Run 'pod install' or update your CocoaPods installation.\" >&2\n    exit 1\nfi\n# This output is used by Xcode 'outputs' to avoid re-running this script phase.\necho \"SUCCESS\" > \"${SCRIPT_OUTPUT_FILE_0}\"\n";
			showEnvVarsInLog = 0;
		};
		F546C7CB48E22162AD9F746B /* [CP] Embed Pods Frameworks */ = {
			isa = PBXShellScriptBuildPhase;
			buildActionMask = 2147483647;
			files = (
			);
			inputPaths = (
				"${SRCROOT}/Pods/Target Support Files/Pods-EaseMob-Example/Pods-EaseMob-Example-frameworks.sh",
				"${PODS_ROOT}/Hyphenate/iOS_Pods_IMFullSDK_V3.5.1/Hyphenate.framework",
			);
			name = "[CP] Embed Pods Frameworks";
			outputPaths = (
				"${TARGET_BUILD_DIR}/${FRAMEWORKS_FOLDER_PATH}/Hyphenate.framework",
			);
			runOnlyForDeploymentPostprocessing = 0;
			shellPath = /bin/sh;
			shellScript = "\"${SRCROOT}/Pods/Target Support Files/Pods-EaseMob-Example/Pods-EaseMob-Example-frameworks.sh\"\n";
			showEnvVarsInLog = 0;
		};
/* End PBXShellScriptBuildPhase section */

/* Begin PBXSourcesBuildPhase section */
		1FA42B4320C7E9690081F31B /* Sources */ = {
			isa = PBXSourcesBuildPhase;
			buildActionMask = 2147483647;
			files = (
				1FA43FBC20D24ED30081F31B /* RNViewManager.m in Sources */,
				1FA43FB920D24DFC0081F31B /* RNBridgeModuleManager.m in Sources */,
				1FA43FBF20D24F260081F31B /* RNViewController.m in Sources */,
				1FA42B5A20C7E96B0081F31B /* main.m in Sources */,
				1FA42B4C20C7E9690081F31B /* AppDelegate.m in Sources */,
			);
			runOnlyForDeploymentPostprocessing = 0;
		};
/* End PBXSourcesBuildPhase section */

/* Begin PBXVariantGroup section */
		1FA42B5520C7E96B0081F31B /* LaunchScreen.storyboard */ = {
			isa = PBXVariantGroup;
			children = (
				1FA42B5620C7E96B0081F31B /* Base */,
			);
			name = LaunchScreen.storyboard;
			sourceTree = "<group>";
		};
/* End PBXVariantGroup section */

/* Begin XCBuildConfiguration section */
		1FA42B5B20C7E96B0081F31B /* Debug */ = {
			isa = XCBuildConfiguration;
			buildSettings = {
				ALWAYS_SEARCH_USER_PATHS = NO;
				CLANG_ANALYZER_NONNULL = YES;
				CLANG_ANALYZER_NUMBER_OBJECT_CONVERSION = YES_AGGRESSIVE;
				CLANG_CXX_LANGUAGE_STANDARD = "gnu++14";
				CLANG_CXX_LIBRARY = "libc++";
				CLANG_ENABLE_MODULES = YES;
				CLANG_ENABLE_OBJC_ARC = YES;
				CLANG_ENABLE_OBJC_WEAK = YES;
				CLANG_WARN_BLOCK_CAPTURE_AUTORELEASING = YES;
				CLANG_WARN_BOOL_CONVERSION = YES;
				CLANG_WARN_COMMA = YES;
				CLANG_WARN_CONSTANT_CONVERSION = YES;
				CLANG_WARN_DEPRECATED_OBJC_IMPLEMENTATIONS = YES;
				CLANG_WARN_DIRECT_OBJC_ISA_USAGE = YES_ERROR;
				CLANG_WARN_DOCUMENTATION_COMMENTS = YES;
				CLANG_WARN_EMPTY_BODY = YES;
				CLANG_WARN_ENUM_CONVERSION = YES;
				CLANG_WARN_INFINITE_RECURSION = YES;
				CLANG_WARN_INT_CONVERSION = YES;
				CLANG_WARN_NON_LITERAL_NULL_CONVERSION = YES;
				CLANG_WARN_OBJC_IMPLICIT_RETAIN_SELF = YES;
				CLANG_WARN_OBJC_LITERAL_CONVERSION = YES;
				CLANG_WARN_OBJC_ROOT_CLASS = YES_ERROR;
				CLANG_WARN_RANGE_LOOP_ANALYSIS = YES;
				CLANG_WARN_STRICT_PROTOTYPES = YES;
				CLANG_WARN_SUSPICIOUS_MOVE = YES;
				CLANG_WARN_UNGUARDED_AVAILABILITY = YES_AGGRESSIVE;
				CLANG_WARN_UNREACHABLE_CODE = YES;
				CLANG_WARN__DUPLICATE_METHOD_MATCH = YES;
				CODE_SIGN_IDENTITY = "iPhone Developer";
				COPY_PHASE_STRIP = NO;
				DEBUG_INFORMATION_FORMAT = dwarf;
				ENABLE_STRICT_OBJC_MSGSEND = YES;
				ENABLE_TESTABILITY = YES;
				GCC_C_LANGUAGE_STANDARD = gnu11;
				GCC_DYNAMIC_NO_PIC = NO;
				GCC_NO_COMMON_BLOCKS = YES;
				GCC_OPTIMIZATION_LEVEL = 0;
				GCC_PREPROCESSOR_DEFINITIONS = (
					"DEBUG=1",
					"$(inherited)",
				);
				GCC_WARN_64_TO_32_BIT_CONVERSION = YES;
				GCC_WARN_ABOUT_RETURN_TYPE = YES_ERROR;
				GCC_WARN_UNDECLARED_SELECTOR = YES;
				GCC_WARN_UNINITIALIZED_AUTOS = YES_AGGRESSIVE;
				GCC_WARN_UNUSED_FUNCTION = YES;
				GCC_WARN_UNUSED_VARIABLE = YES;
				IPHONEOS_DEPLOYMENT_TARGET = 8.0;
				MTL_ENABLE_DEBUG_INFO = YES;
				ONLY_ACTIVE_ARCH = YES;
				SDKROOT = iphoneos;
			};
			name = Debug;
		};
		1FA42B5C20C7E96B0081F31B /* Release */ = {
			isa = XCBuildConfiguration;
			buildSettings = {
				ALWAYS_SEARCH_USER_PATHS = NO;
				CLANG_ANALYZER_NONNULL = YES;
				CLANG_ANALYZER_NUMBER_OBJECT_CONVERSION = YES_AGGRESSIVE;
				CLANG_CXX_LANGUAGE_STANDARD = "gnu++14";
				CLANG_CXX_LIBRARY = "libc++";
				CLANG_ENABLE_MODULES = YES;
				CLANG_ENABLE_OBJC_ARC = YES;
				CLANG_ENABLE_OBJC_WEAK = YES;
				CLANG_WARN_BLOCK_CAPTURE_AUTORELEASING = YES;
				CLANG_WARN_BOOL_CONVERSION = YES;
				CLANG_WARN_COMMA = YES;
				CLANG_WARN_CONSTANT_CONVERSION = YES;
				CLANG_WARN_DEPRECATED_OBJC_IMPLEMENTATIONS = YES;
				CLANG_WARN_DIRECT_OBJC_ISA_USAGE = YES_ERROR;
				CLANG_WARN_DOCUMENTATION_COMMENTS = YES;
				CLANG_WARN_EMPTY_BODY = YES;
				CLANG_WARN_ENUM_CONVERSION = YES;
				CLANG_WARN_INFINITE_RECURSION = YES;
				CLANG_WARN_INT_CONVERSION = YES;
				CLANG_WARN_NON_LITERAL_NULL_CONVERSION = YES;
				CLANG_WARN_OBJC_IMPLICIT_RETAIN_SELF = YES;
				CLANG_WARN_OBJC_LITERAL_CONVERSION = YES;
				CLANG_WARN_OBJC_ROOT_CLASS = YES_ERROR;
				CLANG_WARN_RANGE_LOOP_ANALYSIS = YES;
				CLANG_WARN_STRICT_PROTOTYPES = YES;
				CLANG_WARN_SUSPICIOUS_MOVE = YES;
				CLANG_WARN_UNGUARDED_AVAILABILITY = YES_AGGRESSIVE;
				CLANG_WARN_UNREACHABLE_CODE = YES;
				CLANG_WARN__DUPLICATE_METHOD_MATCH = YES;
				CODE_SIGN_IDENTITY = "iPhone Developer";
				COPY_PHASE_STRIP = NO;
				DEBUG_INFORMATION_FORMAT = "dwarf-with-dsym";
				ENABLE_NS_ASSERTIONS = NO;
				ENABLE_STRICT_OBJC_MSGSEND = YES;
				GCC_C_LANGUAGE_STANDARD = gnu11;
				GCC_NO_COMMON_BLOCKS = YES;
				GCC_WARN_64_TO_32_BIT_CONVERSION = YES;
				GCC_WARN_ABOUT_RETURN_TYPE = YES_ERROR;
				GCC_WARN_UNDECLARED_SELECTOR = YES;
				GCC_WARN_UNINITIALIZED_AUTOS = YES_AGGRESSIVE;
				GCC_WARN_UNUSED_FUNCTION = YES;
				GCC_WARN_UNUSED_VARIABLE = YES;
				IPHONEOS_DEPLOYMENT_TARGET = 8.0;
				MTL_ENABLE_DEBUG_INFO = NO;
				SDKROOT = iphoneos;
				VALIDATE_PRODUCT = YES;
			};
			name = Release;
		};
		1FA42B5E20C7E96B0081F31B /* Debug */ = {
			isa = XCBuildConfiguration;
			baseConfigurationReference = 3A610261D8B52C3A672BB879 /* Pods-EaseMob-Example.debug.xcconfig */;
			buildSettings = {
				ASSETCATALOG_COMPILER_APPICON_NAME = AppIcon;
				CODE_SIGN_STYLE = Automatic;
				FRAMEWORK_SEARCH_PATHS = "$(inherited)";
				INFOPLIST_FILE = "EaseMob-Example/Info.plist";
				LD_RUNPATH_SEARCH_PATHS = (
					"$(inherited)",
					"@executable_path/Frameworks",
				);
				OTHER_LDFLAGS = (
					"-ObjC",
					"-lc++",
				);
				PRODUCT_BUNDLE_IDENTIFIER = "com.im.EaseMob-Example";
				PRODUCT_NAME = "$(TARGET_NAME)";
				TARGETED_DEVICE_FAMILY = "1,2";
			};
			name = Debug;
		};
		1FA42B5F20C7E96B0081F31B /* Release */ = {
			isa = XCBuildConfiguration;
			baseConfigurationReference = 5465088E6CEAEE1B285D53C7 /* Pods-EaseMob-Example.release.xcconfig */;
			buildSettings = {
				ASSETCATALOG_COMPILER_APPICON_NAME = AppIcon;
				CODE_SIGN_STYLE = Automatic;
				FRAMEWORK_SEARCH_PATHS = "$(inherited)";
				INFOPLIST_FILE = "EaseMob-Example/Info.plist";
				LD_RUNPATH_SEARCH_PATHS = (
					"$(inherited)",
					"@executable_path/Frameworks",
				);
				OTHER_LDFLAGS = (
					"-ObjC",
					"-lc++",
				);
				PRODUCT_BUNDLE_IDENTIFIER = "com.im.EaseMob-Example";
				PRODUCT_NAME = "$(TARGET_NAME)";
				TARGETED_DEVICE_FAMILY = "1,2";
			};
			name = Release;
		};
/* End XCBuildConfiguration section */

/* Begin XCConfigurationList section */
		1FA42B4220C7E9690081F31B /* Build configuration list for PBXProject "EaseMob-Example" */ = {
			isa = XCConfigurationList;
			buildConfigurations = (
				1FA42B5B20C7E96B0081F31B /* Debug */,
				1FA42B5C20C7E96B0081F31B /* Release */,
			);
			defaultConfigurationIsVisible = 0;
			defaultConfigurationName = Release;
		};
		1FA42B5D20C7E96B0081F31B /* Build configuration list for PBXNativeTarget "EaseMob-Example" */ = {
			isa = XCConfigurationList;
			buildConfigurations = (
				1FA42B5E20C7E96B0081F31B /* Debug */,
				1FA42B5F20C7E96B0081F31B /* Release */,
			);
			defaultConfigurationIsVisible = 0;
			defaultConfigurationName = Release;
		};
/* End XCConfigurationList section */
	};
	rootObject = 1FA42B3F20C7E9690081F31B /* Project object */;
}
