// !$*UTF8*$!
{
	archiveVersion = 1;
	classes = {
	};
	objectVersion = 50;
	objects = {

/* Begin PBXBuildFile section */
		1FA42BF320CF67D50081F31B /* RNEaseMobModule.m in Sources */ = {isa = PBXBuildFile; fileRef = 1FA42BF220CF67D50081F31B /* RNEaseMobModule.m */; };
		1FA42C1020D0B1B90081F31B /* NSString+Util.m in Sources */ = {isa = PBXBuildFile; fileRef = 1FA42C0E20D0B1B90081F31B /* NSString+Util.m */; };
		1FA42C1520D0B1E80081F31B /* ChatManagerModule.m in Sources */ = {isa = PBXBuildFile; fileRef = 1FA42C1420D0B1E80081F31B /* ChatManagerModule.m */; };
		1FA42C3C20D0B9160081F31B /* ClientModule.m in Sources */ = {isa = PBXBuildFile; fileRef = 1FA42C3B20D0B9160081F31B /* ClientModule.m */; };
		1FA42C3F20D0B99A0081F31B /* MultiDevicesModule.m in Sources */ = {isa = PBXBuildFile; fileRef = 1FA42C3E20D0B99A0081F31B /* MultiDevicesModule.m */; };
		1FA42C4220D0BA2A0081F31B /* GroupManagerModule.m in Sources */ = {isa = PBXBuildFile; fileRef = 1FA42C4120D0BA2A0081F31B /* GroupManagerModule.m */; };
		1FA42C4520D0BA750081F31B /* ContactManagerModule.m in Sources */ = {isa = PBXBuildFile; fileRef = 1FA42C4420D0BA750081F31B /* ContactManagerModule.m */; };
		1FA42C4820D0BAC20081F31B /* ChatroomManagerModule.m in Sources */ = {isa = PBXBuildFile; fileRef = 1FA42C4720D0BAC20081F31B /* ChatroomManagerModule.m */; };
		1FA42C4B20D0C8D40081F31B /* NSObject+Util.m in Sources */ = {isa = PBXBuildFile; fileRef = 1FA42C4A20D0C8D40081F31B /* NSObject+Util.m */; };
		4C64F86837A1D1A9D09F5E2F /* libPods-RNEaseMob.a in Frameworks */ = {isa = PBXBuildFile; fileRef = C1D7D385B6547BA9277D655A /* libPods-RNEaseMob.a */; };
/* End PBXBuildFile section */

/* Begin PBXCopyFilesBuildPhase section */
		1F23E46220C7C7BA005C7A6F /* CopyFiles */ = {
			isa = PBXCopyFilesBuildPhase;
			buildActionMask = 2147483647;
			dstPath = "include/$(PRODUCT_NAME)";
			dstSubfolderSpec = 16;
			files = (
			);
			runOnlyForDeploymentPostprocessing = 0;
		};
/* End PBXCopyFilesBuildPhase section */

/* Begin PBXFileReference section */
		1F23E46420C7C7BA005C7A6F /* libRNEaseMob.a */ = {isa = PBXFileReference; explicitFileType = archive.ar; includeInIndex = 0; path = libRNEaseMob.a; sourceTree = BUILT_PRODUCTS_DIR; };
		1FA42BF120CF67D50081F31B /* RNEaseMobModule.h */ = {isa = PBXFileReference; lastKnownFileType = sourcecode.c.h; path = RNEaseMobModule.h; sourceTree = "<group>"; };
		1FA42BF220CF67D50081F31B /* RNEaseMobModule.m */ = {isa = PBXFileReference; lastKnownFileType = sourcecode.c.objc; path = RNEaseMobModule.m; sourceTree = "<group>"; };
		1FA42C0A20D0B0A30081F31B /* RNEaseMob-PrefixHeader.pch */ = {isa = PBXFileReference; lastKnownFileType = sourcecode.c.h; path = "RNEaseMob-PrefixHeader.pch"; sourceTree = "<group>"; };
		1FA42C0D20D0B1B90081F31B /* Singleton.h */ = {isa = PBXFileReference; fileEncoding = 4; lastKnownFileType = sourcecode.c.h; path = Singleton.h; sourceTree = "<group>"; };
		1FA42C0E20D0B1B90081F31B /* NSString+Util.m */ = {isa = PBXFileReference; fileEncoding = 4; lastKnownFileType = sourcecode.c.objc; path = "NSString+Util.m"; sourceTree = "<group>"; };
		1FA42C0F20D0B1B90081F31B /* NSString+Util.h */ = {isa = PBXFileReference; fileEncoding = 4; lastKnownFileType = sourcecode.c.h; path = "NSString+Util.h"; sourceTree = "<group>"; };
		1FA42C1320D0B1E80081F31B /* ChatManagerModule.h */ = {isa = PBXFileReference; lastKnownFileType = sourcecode.c.h; path = ChatManagerModule.h; sourceTree = "<group>"; };
		1FA42C1420D0B1E80081F31B /* ChatManagerModule.m */ = {isa = PBXFileReference; lastKnownFileType = sourcecode.c.objc; path = ChatManagerModule.m; sourceTree = "<group>"; };
		1FA42C2920D0B3F90081F31B /* MobileCoreServices.framework */ = {isa = PBXFileReference; lastKnownFileType = wrapper.framework; name = MobileCoreServices.framework; path = System/Library/Frameworks/MobileCoreServices.framework; sourceTree = SDKROOT; };
		1FA42C2B20D0B4030081F31B /* CFNetwork.framework */ = {isa = PBXFileReference; lastKnownFileType = wrapper.framework; name = CFNetwork.framework; path = System/Library/Frameworks/CFNetwork.framework; sourceTree = SDKROOT; };
		1FA42C2D20D0B40A0081F31B /* libsqlite3.tbd */ = {isa = PBXFileReference; lastKnownFileType = "sourcecode.text-based-dylib-definition"; name = libsqlite3.tbd; path = usr/lib/libsqlite3.tbd; sourceTree = SDKROOT; };
		1FA42C2F20D0B4110081F31B /* libstdc++.6.0.9.tbd */ = {isa = PBXFileReference; lastKnownFileType = "sourcecode.text-based-dylib-definition"; name = "libstdc++.6.0.9.tbd"; path = "usr/lib/libstdc++.6.0.9.tbd"; sourceTree = SDKROOT; };
		1FA42C3120D0B4150081F31B /* libz.tbd */ = {isa = PBXFileReference; lastKnownFileType = "sourcecode.text-based-dylib-definition"; name = libz.tbd; path = usr/lib/libz.tbd; sourceTree = SDKROOT; };
		1FA42C3320D0B41C0081F31B /* libiconv.tbd */ = {isa = PBXFileReference; lastKnownFileType = "sourcecode.text-based-dylib-definition"; name = libiconv.tbd; path = usr/lib/libiconv.tbd; sourceTree = SDKROOT; };
		1FA42C3520D0B4230081F31B /* libresolv.tbd */ = {isa = PBXFileReference; lastKnownFileType = "sourcecode.text-based-dylib-definition"; name = libresolv.tbd; path = usr/lib/libresolv.tbd; sourceTree = SDKROOT; };
		1FA42C3720D0B4290081F31B /* libxml2.tbd */ = {isa = PBXFileReference; lastKnownFileType = "sourcecode.text-based-dylib-definition"; name = libxml2.tbd; path = usr/lib/libxml2.tbd; sourceTree = SDKROOT; };
		1FA42C3A20D0B9160081F31B /* ClientModule.h */ = {isa = PBXFileReference; lastKnownFileType = sourcecode.c.h; path = ClientModule.h; sourceTree = "<group>"; };
		1FA42C3B20D0B9160081F31B /* ClientModule.m */ = {isa = PBXFileReference; lastKnownFileType = sourcecode.c.objc; path = ClientModule.m; sourceTree = "<group>"; };
		1FA42C3D20D0B99A0081F31B /* MultiDevicesModule.h */ = {isa = PBXFileReference; lastKnownFileType = sourcecode.c.h; path = MultiDevicesModule.h; sourceTree = "<group>"; };
		1FA42C3E20D0B99A0081F31B /* MultiDevicesModule.m */ = {isa = PBXFileReference; lastKnownFileType = sourcecode.c.objc; path = MultiDevicesModule.m; sourceTree = "<group>"; };
		1FA42C4020D0BA2A0081F31B /* GroupManagerModule.h */ = {isa = PBXFileReference; lastKnownFileType = sourcecode.c.h; path = GroupManagerModule.h; sourceTree = "<group>"; };
		1FA42C4120D0BA2A0081F31B /* GroupManagerModule.m */ = {isa = PBXFileReference; lastKnownFileType = sourcecode.c.objc; path = GroupManagerModule.m; sourceTree = "<group>"; };
		1FA42C4320D0BA750081F31B /* ContactManagerModule.h */ = {isa = PBXFileReference; lastKnownFileType = sourcecode.c.h; path = ContactManagerModule.h; sourceTree = "<group>"; };
		1FA42C4420D0BA750081F31B /* ContactManagerModule.m */ = {isa = PBXFileReference; lastKnownFileType = sourcecode.c.objc; path = ContactManagerModule.m; sourceTree = "<group>"; };
		1FA42C4620D0BAC20081F31B /* ChatroomManagerModule.h */ = {isa = PBXFileReference; lastKnownFileType = sourcecode.c.h; path = ChatroomManagerModule.h; sourceTree = "<group>"; };
		1FA42C4720D0BAC20081F31B /* ChatroomManagerModule.m */ = {isa = PBXFileReference; lastKnownFileType = sourcecode.c.objc; path = ChatroomManagerModule.m; sourceTree = "<group>"; };
		1FA42C4920D0C8D40081F31B /* NSObject+Util.h */ = {isa = PBXFileReference; lastKnownFileType = sourcecode.c.h; path = "NSObject+Util.h"; sourceTree = "<group>"; };
		1FA42C4A20D0C8D40081F31B /* NSObject+Util.m */ = {isa = PBXFileReference; lastKnownFileType = sourcecode.c.objc; path = "NSObject+Util.m"; sourceTree = "<group>"; };
		23E0523831F336ED976F6636 /* Pods-RNEaseMob.debug.xcconfig */ = {isa = PBXFileReference; includeInIndex = 1; lastKnownFileType = text.xcconfig; name = "Pods-RNEaseMob.debug.xcconfig"; path = "../example/ios/Pods/Target Support Files/Pods-RNEaseMob/Pods-RNEaseMob.debug.xcconfig"; sourceTree = "<group>"; };
		C1D7D385B6547BA9277D655A /* libPods-RNEaseMob.a */ = {isa = PBXFileReference; explicitFileType = archive.ar; includeInIndex = 0; path = "libPods-RNEaseMob.a"; sourceTree = BUILT_PRODUCTS_DIR; };
		E84ED0FAAAB9741117C77A9E /* Pods-RNEaseMob.release.xcconfig */ = {isa = PBXFileReference; includeInIndex = 1; lastKnownFileType = text.xcconfig; name = "Pods-RNEaseMob.release.xcconfig"; path = "../example/ios/Pods/Target Support Files/Pods-RNEaseMob/Pods-RNEaseMob.release.xcconfig"; sourceTree = "<group>"; };
/* End PBXFileReference section */

/* Begin PBXFrameworksBuildPhase section */
		1F23E46120C7C7BA005C7A6F /* Frameworks */ = {
			isa = PBXFrameworksBuildPhase;
			buildActionMask = 2147483647;
			files = (
				4C64F86837A1D1A9D09F5E2F /* libPods-RNEaseMob.a in Frameworks */,
			);
			runOnlyForDeploymentPostprocessing = 0;
		};
/* End PBXFrameworksBuildPhase section */

/* Begin PBXGroup section */
		1F23E45B20C7C7BA005C7A6F = {
			isa = PBXGroup;
			children = (
				1F23E46620C7C7BA005C7A6F /* RNEaseMob */,
				1F23E46520C7C7BA005C7A6F /* Products */,
				1FA42C2820D0B3F90081F31B /* Frameworks */,
				B5568BC1DCD8D68D4A1EA96E /* Pods */,
			);
			sourceTree = "<group>";
		};
		1F23E46520C7C7BA005C7A6F /* Products */ = {
			isa = PBXGroup;
			children = (
				1F23E46420C7C7BA005C7A6F /* libRNEaseMob.a */,
			);
			name = Products;
			sourceTree = "<group>";
		};
		1F23E46620C7C7BA005C7A6F /* RNEaseMob */ = {
			isa = PBXGroup;
			children = (
				1FA42C1120D0B1BC0081F31B /* easemob */,
				1FA42C0C20D0B1B90081F31B /* util */,
				1FA42BF120CF67D50081F31B /* RNEaseMobModule.h */,
				1FA42BF220CF67D50081F31B /* RNEaseMobModule.m */,
				1FA42C0A20D0B0A30081F31B /* RNEaseMob-PrefixHeader.pch */,
			);
			path = RNEaseMob;
			sourceTree = "<group>";
		};
		1FA42C0C20D0B1B90081F31B /* util */ = {
			isa = PBXGroup;
			children = (
				1FA42C0D20D0B1B90081F31B /* Singleton.h */,
				1FA42C0F20D0B1B90081F31B /* NSString+Util.h */,
				1FA42C0E20D0B1B90081F31B /* NSString+Util.m */,
				1FA42C4920D0C8D40081F31B /* NSObject+Util.h */,
				1FA42C4A20D0C8D40081F31B /* NSObject+Util.m */,
			);
			path = util;
			sourceTree = "<group>";
		};
		1FA42C1120D0B1BC0081F31B /* easemob */ = {
			isa = PBXGroup;
			children = (
				1FA42C1320D0B1E80081F31B /* ChatManagerModule.h */,
				1FA42C1420D0B1E80081F31B /* ChatManagerModule.m */,
				1FA42C3A20D0B9160081F31B /* ClientModule.h */,
				1FA42C3B20D0B9160081F31B /* ClientModule.m */,
				1FA42C3D20D0B99A0081F31B /* MultiDevicesModule.h */,
				1FA42C3E20D0B99A0081F31B /* MultiDevicesModule.m */,
				1FA42C4020D0BA2A0081F31B /* GroupManagerModule.h */,
				1FA42C4120D0BA2A0081F31B /* GroupManagerModule.m */,
				1FA42C4320D0BA750081F31B /* ContactManagerModule.h */,
				1FA42C4420D0BA750081F31B /* ContactManagerModule.m */,
				1FA42C4620D0BAC20081F31B /* ChatroomManagerModule.h */,
				1FA42C4720D0BAC20081F31B /* ChatroomManagerModule.m */,
			);
			path = easemob;
			sourceTree = "<group>";
		};
		1FA42C2820D0B3F90081F31B /* Frameworks */ = {
			isa = PBXGroup;
			children = (
				1FA42C3720D0B4290081F31B /* libxml2.tbd */,
				1FA42C3520D0B4230081F31B /* libresolv.tbd */,
				1FA42C3320D0B41C0081F31B /* libiconv.tbd */,
				1FA42C3120D0B4150081F31B /* libz.tbd */,
				1FA42C2F20D0B4110081F31B /* libstdc++.6.0.9.tbd */,
				1FA42C2D20D0B40A0081F31B /* libsqlite3.tbd */,
				1FA42C2B20D0B4030081F31B /* CFNetwork.framework */,
				1FA42C2920D0B3F90081F31B /* MobileCoreServices.framework */,
				C1D7D385B6547BA9277D655A /* libPods-RNEaseMob.a */,
			);
			name = Frameworks;
			sourceTree = "<group>";
		};
		B5568BC1DCD8D68D4A1EA96E /* Pods */ = {
			isa = PBXGroup;
			children = (
				23E0523831F336ED976F6636 /* Pods-RNEaseMob.debug.xcconfig */,
				E84ED0FAAAB9741117C77A9E /* Pods-RNEaseMob.release.xcconfig */,
			);
			name = Pods;
			sourceTree = "<group>";
		};
/* End PBXGroup section */

/* Begin PBXNativeTarget section */
		1F23E46320C7C7BA005C7A6F /* RNEaseMob */ = {
			isa = PBXNativeTarget;
			buildConfigurationList = 1F23E46D20C7C7BA005C7A6F /* Build configuration list for PBXNativeTarget "RNEaseMob" */;
			buildPhases = (
				3CEE7EEDB4C228C2FBF9B364 /* [CP] Check Pods Manifest.lock */,
				1F23E46020C7C7BA005C7A6F /* Sources */,
				1F23E46120C7C7BA005C7A6F /* Frameworks */,
				1F23E46220C7C7BA005C7A6F /* CopyFiles */,
			);
			buildRules = (
			);
			dependencies = (
			);
			name = RNEaseMob;
			productName = RNEaseMob;
			productReference = 1F23E46420C7C7BA005C7A6F /* libRNEaseMob.a */;
			productType = "com.apple.product-type.library.static";
		};
/* End PBXNativeTarget section */

/* Begin PBXProject section */
		1F23E45C20C7C7BA005C7A6F /* Project object */ = {
			isa = PBXProject;
			attributes = {
				LastUpgradeCheck = 0940;
				ORGANIZATIONNAME = Hecom;
				TargetAttributes = {
					1F23E46320C7C7BA005C7A6F = {
						CreatedOnToolsVersion = 9.4;
					};
				};
			};
			buildConfigurationList = 1F23E45F20C7C7BA005C7A6F /* Build configuration list for PBXProject "RNEaseMob" */;
			compatibilityVersion = "Xcode 9.3";
			developmentRegion = en;
			hasScannedForEncodings = 0;
			knownRegions = (
				en,
			);
			mainGroup = 1F23E45B20C7C7BA005C7A6F;
			productRefGroup = 1F23E46520C7C7BA005C7A6F /* Products */;
			projectDirPath = "";
			projectRoot = "";
			targets = (
				1F23E46320C7C7BA005C7A6F /* RNEaseMob */,
			);
		};
/* End PBXProject section */

/* Begin PBXShellScriptBuildPhase section */
		3CEE7EEDB4C228C2FBF9B364 /* [CP] Check Pods Manifest.lock */ = {
			isa = PBXShellScriptBuildPhase;
			buildActionMask = 2147483647;
			files = (
			);
			inputPaths = (
				"${PODS_PODFILE_DIR_PATH}/Podfile.lock",
				"${PODS_ROOT}/Manifest.lock",
			);
			name = "[CP] Check Pods Manifest.lock";
			outputPaths = (
				"$(DERIVED_FILE_DIR)/Pods-RNEaseMob-checkManifestLockResult.txt",
			);
			runOnlyForDeploymentPostprocessing = 0;
			shellPath = /bin/sh;
			shellScript = "diff \"${PODS_PODFILE_DIR_PATH}/Podfile.lock\" \"${PODS_ROOT}/Manifest.lock\" > /dev/null\nif [ $? != 0 ] ; then\n    # print error to STDERR\n    echo \"error: The sandbox is not in sync with the Podfile.lock. Run 'pod install' or update your CocoaPods installation.\" >&2\n    exit 1\nfi\n# This output is used by Xcode 'outputs' to avoid re-running this script phase.\necho \"SUCCESS\" > \"${SCRIPT_OUTPUT_FILE_0}\"\n";
			showEnvVarsInLog = 0;
		};
/* End PBXShellScriptBuildPhase section */

/* Begin PBXSourcesBuildPhase section */
		1F23E46020C7C7BA005C7A6F /* Sources */ = {
			isa = PBXSourcesBuildPhase;
			buildActionMask = 2147483647;
			files = (
				1FA42C4820D0BAC20081F31B /* ChatroomManagerModule.m in Sources */,
				1FA42BF320CF67D50081F31B /* RNEaseMobModule.m in Sources */,
				1FA42C4220D0BA2A0081F31B /* GroupManagerModule.m in Sources */,
				1FA42C3F20D0B99A0081F31B /* MultiDevicesModule.m in Sources */,
				1FA42C4520D0BA750081F31B /* ContactManagerModule.m in Sources */,
				1FA42C4B20D0C8D40081F31B /* NSObject+Util.m in Sources */,
				1FA42C1020D0B1B90081F31B /* NSString+Util.m in Sources */,
				1FA42C3C20D0B9160081F31B /* ClientModule.m in Sources */,
				1FA42C1520D0B1E80081F31B /* ChatManagerModule.m in Sources */,
			);
			runOnlyForDeploymentPostprocessing = 0;
		};
/* End PBXSourcesBuildPhase section */

/* Begin XCBuildConfiguration section */
		1F23E46B20C7C7BA005C7A6F /* Debug */ = {
			isa = XCBuildConfiguration;
			buildSettings = {
				ALWAYS_SEARCH_USER_PATHS = NO;
				CLANG_ANALYZER_NONNULL = YES;
				CLANG_ANALYZER_NUMBER_OBJECT_CONVERSION = YES_AGGRESSIVE;
				CLANG_CXX_LANGUAGE_STANDARD = "gnu++14";
				CLANG_CXX_LIBRARY = "libc++";
				CLANG_ENABLE_MODULES = YES;
				CLANG_ENABLE_OBJC_ARC = YES;
				CLANG_ENABLE_OBJC_WEAK = YES;
				CLANG_WARN_BLOCK_CAPTURE_AUTORELEASING = YES;
				CLANG_WARN_BOOL_CONVERSION = YES;
				CLANG_WARN_COMMA = YES;
				CLANG_WARN_CONSTANT_CONVERSION = YES;
				CLANG_WARN_DEPRECATED_OBJC_IMPLEMENTATIONS = YES;
				CLANG_WARN_DIRECT_OBJC_ISA_USAGE = YES_ERROR;
				CLANG_WARN_DOCUMENTATION_COMMENTS = YES;
				CLANG_WARN_EMPTY_BODY = YES;
				CLANG_WARN_ENUM_CONVERSION = YES;
				CLANG_WARN_INFINITE_RECURSION = YES;
				CLANG_WARN_INT_CONVERSION = YES;
				CLANG_WARN_NON_LITERAL_NULL_CONVERSION = YES;
				CLANG_WARN_OBJC_IMPLICIT_RETAIN_SELF = YES;
				CLANG_WARN_OBJC_LITERAL_CONVERSION = YES;
				CLANG_WARN_OBJC_ROOT_CLASS = YES_ERROR;
				CLANG_WARN_RANGE_LOOP_ANALYSIS = YES;
				CLANG_WARN_STRICT_PROTOTYPES = YES;
				CLANG_WARN_SUSPICIOUS_MOVE = YES;
				CLANG_WARN_UNGUARDED_AVAILABILITY = YES_AGGRESSIVE;
				CLANG_WARN_UNREACHABLE_CODE = YES;
				CLANG_WARN__DUPLICATE_METHOD_MATCH = YES;
				CODE_SIGN_IDENTITY = "iPhone Developer";
				COPY_PHASE_STRIP = NO;
				DEBUG_INFORMATION_FORMAT = dwarf;
				ENABLE_STRICT_OBJC_MSGSEND = YES;
				ENABLE_TESTABILITY = YES;
				GCC_C_LANGUAGE_STANDARD = gnu11;
				GCC_DYNAMIC_NO_PIC = NO;
				GCC_NO_COMMON_BLOCKS = YES;
				GCC_OPTIMIZATION_LEVEL = 0;
				GCC_PREPROCESSOR_DEFINITIONS = (
					"DEBUG=1",
					"$(inherited)",
				);
				GCC_WARN_64_TO_32_BIT_CONVERSION = YES;
				GCC_WARN_ABOUT_RETURN_TYPE = YES_ERROR;
				GCC_WARN_UNDECLARED_SELECTOR = YES;
				GCC_WARN_UNINITIALIZED_AUTOS = YES_AGGRESSIVE;
				GCC_WARN_UNUSED_FUNCTION = YES;
				GCC_WARN_UNUSED_VARIABLE = YES;
				IPHONEOS_DEPLOYMENT_TARGET = 8.0;
				MTL_ENABLE_DEBUG_INFO = YES;
				ONLY_ACTIVE_ARCH = YES;
				SDKROOT = iphoneos;
			};
			name = Debug;
		};
		1F23E46C20C7C7BA005C7A6F /* Release */ = {
			isa = XCBuildConfiguration;
			buildSettings = {
				ALWAYS_SEARCH_USER_PATHS = NO;
				CLANG_ANALYZER_NONNULL = YES;
				CLANG_ANALYZER_NUMBER_OBJECT_CONVERSION = YES_AGGRESSIVE;
				CLANG_CXX_LANGUAGE_STANDARD = "gnu++14";
				CLANG_CXX_LIBRARY = "libc++";
				CLANG_ENABLE_MODULES = YES;
				CLANG_ENABLE_OBJC_ARC = YES;
				CLANG_ENABLE_OBJC_WEAK = YES;
				CLANG_WARN_BLOCK_CAPTURE_AUTORELEASING = YES;
				CLANG_WARN_BOOL_CONVERSION = YES;
				CLANG_WARN_COMMA = YES;
				CLANG_WARN_CONSTANT_CONVERSION = YES;
				CLANG_WARN_DEPRECATED_OBJC_IMPLEMENTATIONS = YES;
				CLANG_WARN_DIRECT_OBJC_ISA_USAGE = YES_ERROR;
				CLANG_WARN_DOCUMENTATION_COMMENTS = YES;
				CLANG_WARN_EMPTY_BODY = YES;
				CLANG_WARN_ENUM_CONVERSION = YES;
				CLANG_WARN_INFINITE_RECURSION = YES;
				CLANG_WARN_INT_CONVERSION = YES;
				CLANG_WARN_NON_LITERAL_NULL_CONVERSION = YES;
				CLANG_WARN_OBJC_IMPLICIT_RETAIN_SELF = YES;
				CLANG_WARN_OBJC_LITERAL_CONVERSION = YES;
				CLANG_WARN_OBJC_ROOT_CLASS = YES_ERROR;
				CLANG_WARN_RANGE_LOOP_ANALYSIS = YES;
				CLANG_WARN_STRICT_PROTOTYPES = YES;
				CLANG_WARN_SUSPICIOUS_MOVE = YES;
				CLANG_WARN_UNGUARDED_AVAILABILITY = YES_AGGRESSIVE;
				CLANG_WARN_UNREACHABLE_CODE = YES;
				CLANG_WARN__DUPLICATE_METHOD_MATCH = YES;
				CODE_SIGN_IDENTITY = "iPhone Developer";
				COPY_PHASE_STRIP = NO;
				DEBUG_INFORMATION_FORMAT = "dwarf-with-dsym";
				ENABLE_NS_ASSERTIONS = NO;
				ENABLE_STRICT_OBJC_MSGSEND = YES;
				GCC_C_LANGUAGE_STANDARD = gnu11;
				GCC_NO_COMMON_BLOCKS = YES;
				GCC_WARN_64_TO_32_BIT_CONVERSION = YES;
				GCC_WARN_ABOUT_RETURN_TYPE = YES_ERROR;
				GCC_WARN_UNDECLARED_SELECTOR = YES;
				GCC_WARN_UNINITIALIZED_AUTOS = YES_AGGRESSIVE;
				GCC_WARN_UNUSED_FUNCTION = YES;
				GCC_WARN_UNUSED_VARIABLE = YES;
				IPHONEOS_DEPLOYMENT_TARGET = 8.0;
				MTL_ENABLE_DEBUG_INFO = NO;
				SDKROOT = iphoneos;
				VALIDATE_PRODUCT = YES;
			};
			name = Release;
		};
		1F23E46E20C7C7BA005C7A6F /* Debug */ = {
			isa = XCBuildConfiguration;
			baseConfigurationReference = 23E0523831F336ED976F6636 /* Pods-RNEaseMob.debug.xcconfig */;
			buildSettings = {
				CODE_SIGN_STYLE = Automatic;
				FRAMEWORK_SEARCH_PATHS = (
					"$(inherited)",
					"$(PROJECT_DIR)/RNEaseMob/ThirdParty/HyphenateFullSDK-3.4.1",
					"$(PROJECT_DIR)/RNEaseMob/third-party/HyphenateFullSDK-3.4.1",
				);
				GCC_PRECOMPILE_PREFIX_HEADER = YES;
				GCC_PREFIX_HEADER = "RNEaseMob/RNEaseMob-PrefixHeader.pch";
				HEADER_SEARCH_PATHS = "$(PROJECT_DIR)/RNEaseMob/ThirdParty/HyphenateFullSDK-3.4.1/Hyphenate.framework/Headers";
				OTHER_LDFLAGS = "-ObjC";
				PRODUCT_NAME = "$(TARGET_NAME)";
				SKIP_INSTALL = YES;
				TARGETED_DEVICE_FAMILY = "1,2";
			};
			name = Debug;
		};
		1F23E46F20C7C7BA005C7A6F /* Release */ = {
			isa = XCBuildConfiguration;
			baseConfigurationReference = E84ED0FAAAB9741117C77A9E /* Pods-RNEaseMob.release.xcconfig */;
			buildSettings = {
				CODE_SIGN_STYLE = Automatic;
				FRAMEWORK_SEARCH_PATHS = (
					"$(inherited)",
					"$(PROJECT_DIR)/RNEaseMob/ThirdParty/HyphenateFullSDK-3.4.1",
					"$(PROJECT_DIR)/RNEaseMob/third-party/HyphenateFullSDK-3.4.1",
				);
				GCC_PRECOMPILE_PREFIX_HEADER = YES;
				GCC_PREFIX_HEADER = "RNEaseMob/RNEaseMob-PrefixHeader.pch";
				HEADER_SEARCH_PATHS = "$(PROJECT_DIR)/RNEaseMob/ThirdParty/HyphenateFullSDK-3.4.1/Hyphenate.framework/Headers";
				OTHER_LDFLAGS = "-ObjC";
				PRODUCT_NAME = "$(TARGET_NAME)";
				SKIP_INSTALL = YES;
				TARGETED_DEVICE_FAMILY = "1,2";
			};
			name = Release;
		};
/* End XCBuildConfiguration section */

/* Begin XCConfigurationList section */
		1F23E45F20C7C7BA005C7A6F /* Build configuration list for PBXProject "RNEaseMob" */ = {
			isa = XCConfigurationList;
			buildConfigurations = (
				1F23E46B20C7C7BA005C7A6F /* Debug */,
				1F23E46C20C7C7BA005C7A6F /* Release */,
			);
			defaultConfigurationIsVisible = 0;
			defaultConfigurationName = Release;
		};
		1F23E46D20C7C7BA005C7A6F /* Build configuration list for PBXNativeTarget "RNEaseMob" */ = {
			isa = XCConfigurationList;
			buildConfigurations = (
				1F23E46E20C7C7BA005C7A6F /* Debug */,
				1F23E46F20C7C7BA005C7A6F /* Release */,
			);
			defaultConfigurationIsVisible = 0;
			defaultConfigurationName = Release;
		};
/* End XCConfigurationList section */
	};
	rootObject = 1F23E45C20C7C7BA005C7A6F /* Project object */;
}
